# This is an Anaconda project lock file.
# The lock file locks down exact versions of all your dependencies.
#
# In most cases, this file is automatically maintained by the `anaconda-project` command or GUI tools.
# It's best to keep this file in revision control (such as git or svn).
# The file is in YAML format, please see http://www.yaml.org/start.html for more.
#

#
# Set to false to ignore locked versions.
#
locking_enabled: true

#
# A key goes in here for each env spec.
#
env_specs:
  default:
    locked: true
    env_spec_hash: 2316ac71748f2bac4351c55eab75e3a9f4e901d0
    platforms:
    - linux-64
    - osx-64
    - osx-arm64
    - win-64
    packages:
      all:
      - argon2-cffi=21.3.0=pyhd3eb1b0_0
      - asttokens=2.0.5=pyhd3eb1b0_0
      - bleach=4.1.0=pyhd3eb1b0_0
      - charset-normalizer=2.0.4=pyhd3eb1b0_0
      - colorcet=3.1.0=py_0
      - cycler=0.11.0=pyhd3eb1b0_0
      - datashader=0.16.0=py_0
      - decorator=5.1.1=pyhd3eb1b0_0
      - defusedxml=0.7.1=pyhd3eb1b0_0
      - executing=0.8.3=pyhd3eb1b0_0
      - fonttools=4.25.0=pyhd3eb1b0_0
      - heapdict=1.0.1=pyhd3eb1b0_0
      - holoviews=1.14.4=py_0
      - hvplot=0.9.2=py_0
      - ipython_genutils=0.2.0=pyhd3eb1b0_1
      - jinja2=2.11.3=pyhd3eb1b0_0
      - munkres=1.1.4=py_0
      - pandocfilters=1.5.0=pyhd3eb1b0_0
      - panel=1.3.8=py_0
      - param=2.0.2=py_0
      - parso=0.8.3=pyhd3eb1b0_0
      - prompt_toolkit=3.0.43=hd3eb1b0_0
      - pure_eval=0.2.2=pyhd3eb1b0_0
      - pycparser=2.21=pyhd3eb1b0_0
      - pyct-core=0.5.0=py_0
      - pyct=0.5.0=py_0
      - python-dateutil=2.8.2=pyhd3eb1b0_0
      - pyviz_comms=3.0.0=py_0
      - six=1.16.0=pyhd3eb1b0_1
      - sortedcontainers=2.4.0=pyhd3eb1b0_0
      - stack_data=0.2.0=pyhd3eb1b0_0
      - tblib=1.7.0=pyhd3eb1b0_0
      - tzdata=2024a=h04d1e81_0
      - wcwidth=0.2.5=pyhd3eb1b0_0
      unix:
      - pexpect=4.8.0=pyhd3eb1b0_3
      - ptyprocess=0.7.0=pyhd3eb1b0_2
      linux-64:
      - _libgcc_mutex=0.1=main
      - _openmp_mutex=5.1=1_gnu
      - abseil-cpp=20211102.0=hd4dd3e8_0
      - anyio=4.2.0=py311h06a4308_0
      - argon2-cffi-bindings=21.2.0=py311h5eee18b_0
      - arrow-cpp=14.0.2=h374c478_1
      - async-lru=2.0.4=py311h06a4308_0
      - attrs=23.1.0=py311h06a4308_0
      - aws-c-auth=0.6.19=h5eee18b_0
      - aws-c-cal=0.5.20=hdbd6064_0
      - aws-c-common=0.8.5=h5eee18b_0
      - aws-c-compression=0.2.16=h5eee18b_0
      - aws-c-event-stream=0.2.15=h6a678d5_0
      - aws-c-http=0.6.25=h5eee18b_0
      - aws-c-io=0.13.10=h5eee18b_0
      - aws-c-mqtt=0.7.13=h5eee18b_0
      - aws-c-s3=0.1.51=hdbd6064_0
      - aws-c-sdkutils=0.1.6=h5eee18b_0
      - aws-checksums=0.1.13=h5eee18b_0
      - aws-crt-cpp=0.18.16=h6a678d5_0
      - aws-sdk-cpp=1.10.55=h721c034_0
      - babel=2.11.0=py311h06a4308_0
      - beautifulsoup4=4.12.2=py311h06a4308_0
      - blas=1.0=mkl
      - bokeh=2.3.3=py38h06a4308_0
      - bottleneck=1.3.5=py38h7deecbd_0
      - brotli-bin=1.0.9=h5eee18b_7
      - brotli-python=1.0.9=py38h6a678d5_7
      - brotli=1.0.9=h5eee18b_7
      - bzip2=1.0.8=h5eee18b_5
      - ca-certificates=2023.12.12=h06a4308_0
      - certifi=2024.2.2=py38h06a4308_0
      - cffi=1.16.0=py38h5eee18b_0
      - click=8.1.7=py38h06a4308_0
      - cloudpickle=2.2.1=py38h06a4308_0
      - contourpy=1.0.5=py38hdb19cb5_0
      - cyrus-sasl=2.1.28=h52b45da_1
      - cytoolz=0.12.2=py38h5eee18b_0
      - datashape=0.5.4=py38h06a4308_1
      - dbus=1.13.18=hb2f20db_0
      - distributed=2.12.0=py38_0
      - entrypoints=0.4=py38h06a4308_0
      - expat=2.5.0=h6a678d5_0
      - fastparquet=0.5.0=py38h7deecbd_2
      - fontconfig=2.14.1=h4c34cd2_2
      - freetype=2.12.1=h4a9f257_0
      - fsspec=2023.10.0=py38h06a4308_0
      - glib-tools=2.78.4=h6a678d5_0
      - glib=2.78.4=h6a678d5_0
      - gst-plugins-base=1.14.1=h6a678d5_1
      - gstreamer=1.14.1=h5eee18b_1
      - icu=73.1=h6a678d5_0
      - idna=3.4=py38h06a4308_0
      - importlib-metadata=7.0.1=py38h06a4308_0
      - importlib_resources=6.1.1=py38h06a4308_1
      - intel-openmp=2023.1.0=hdb19cb5_46306
      - ipykernel=5.3.4=py38h5ca1d4c_0
      - ipython=8.12.2=py38h06a4308_0
      - jedi=0.18.1=py38h06a4308_1
      - jpeg=9e=h5eee18b_1
      - jsonschema-specifications=2023.7.1=py38h06a4308_0
      - jsonschema=4.19.2=py38h06a4308_0
      - jupyter_client=7.3.4=py38h06a4308_0
      - jupyter_core=5.5.0=py38h06a4308_0
      - jupyter_server=1.23.4=py38h06a4308_0
      - jupyterlab_pygments=0.2.2=py38h06a4308_0
      - kiwisolver=1.4.4=py38h6a678d5_0
      - krb5=1.20.1=h143b758_1
      - lcms2=2.12=h3be6417_0
      - ld_impl_linux-64=2.38=h1181459_1
      - lerc=3.0=h295c915_0
      - libbrotlicommon=1.0.9=h5eee18b_7
      - libbrotlidec=1.0.9=h5eee18b_7
      - libbrotlienc=1.0.9=h5eee18b_7
      - libclang13=14.0.6=default_he11475f_1
      - libclang=14.0.6=default_hc6dbbc7_1
      - libcups=2.4.2=h2d74bed_1
      - libdeflate=1.17=h5eee18b_1
      - libedit=3.1.20230828=h5eee18b_0
      - libffi=3.4.4=h6a678d5_0
      - libgcc-ng=11.2.0=h1234567_1
      - libgfortran-ng=11.2.0=h00389a5_1
      - libgfortran5=11.2.0=h1234567_1
      - libglib=2.78.4=hdc74915_0
      - libgomp=11.2.0=h1234567_1
      - libiconv=1.16=h7f8727e_2
      - libllvm11=11.0.0=h3826bc1_1
      - libllvm14=14.0.6=hdb19cb5_3
      - libpng=1.6.39=h5eee18b_0
      - libpq=12.17=hdbd6064_0
      - libsodium=1.0.18=h7b6447c_0
      - libstdcxx-ng=11.2.0=h1234567_1
      - libtiff=4.5.1=h6a678d5_0
      - libuuid=1.41.5=h5eee18b_0
      - libwebp-base=1.3.2=h5eee18b_0
      - libxcb=1.15=h7f8727e_0
      - libxkbcommon=1.0.1=h5eee18b_1
      - libxml2=2.10.4=hf1b16e4_1
      - llvmlite=0.37.0=py38h295c915_2
      - locket=1.0.0=py38h06a4308_0
      - lz4-c=1.9.4=h6a678d5_0
      - markdown=3.4.1=py38h06a4308_0
      - markupsafe=2.0.1=py38h27cfd23_0
      - matplotlib-base=3.7.1=py38h417a72b_1
      - matplotlib-inline=0.1.6=py38h06a4308_0
      - matplotlib=3.7.1=py38h06a4308_1
      - mistune=0.8.4=py38h7b6447c_1000
      - mkl-service=2.4.0=py38h5eee18b_1
      - mkl=2023.1.0=h213fc3f_46344
      - mkl_fft=1.3.8=py38h5eee18b_0
      - mkl_random=1.2.4=py38hdb19cb5_0
      - msgpack-python=1.0.3=py38hd09550d_0
      - multipledispatch=0.6.0=py38_0
      - mysql=5.7.24=h721c034_2
      - nbclassic=1.0.0=py38h06a4308_0
      - nbclient=0.5.13=py38h06a4308_0
      - nbconvert=6.4.4=py38h06a4308_0
      - nbformat=5.9.2=py38h06a4308_0
      - ncurses=6.4=h6a678d5_0
      - nest-asyncio=1.6.0=py38h06a4308_0
      - notebook-shim=0.2.3=py38h06a4308_0
      - notebook=6.5.4=py38h06a4308_1
      - numba=0.54.1=py38h51133e4_0
      - numexpr=2.8.4=py38hc78ab66_1
      - numpy-base=1.20.3=py38h7e635b3_1
      - numpy=1.20.3=py38h7820934_1
      - openjpeg=2.4.0=h3ad879b_0
      - openssl=3.0.13=h7f8727e_0
      - packaging=23.1=py38h06a4308_0
      - pandas=1.3.5=py38h8c16a72_0
      - partd=1.4.1=py38h06a4308_0
      - pcre2=10.42=hebb0a14_0
      - pillow=10.2.0=py38h5eee18b_0
      - pip=23.3.1=py38h06a4308_0
      - pkgutil-resolve-name=1.3.10=py38h06a4308_1
      - platformdirs=3.10.0=py38h06a4308_0
      - ply=3.11=py38_0
      - pooch=1.7.0=py38h06a4308_0
      - prometheus_client=0.14.1=py38h06a4308_0
      - prompt-toolkit=3.0.43=py38h06a4308_0
      - psutil=5.9.0=py38h5eee18b_0
      - pygments=2.15.1=py38h06a4308_1
      - pyparsing=3.0.9=py38h06a4308_0
      - pyqt5-sip=12.13.0=py38h5eee18b_0
      - pyqt=5.15.10=py38h6a678d5_0
      - pysocks=1.7.1=py38h06a4308_0
      - python-fastjsonschema=2.16.2=py38h06a4308_0
      - python-lmdb=1.4.1=py38h6a678d5_0
      - python-snappy=0.6.0=py38h2531618_3
      - python=3.8.18=h955ad1f_0
      - pytz=2023.3.post1=py38h06a4308_0
      - pyyaml=6.0.1=py38h5eee18b_0
      - pyzmq=24.0.1=py38h5eee18b_0
      - qt-main=5.15.2=h53bd1ea_10
      - readline=8.2=h5eee18b_0
      - referencing=0.30.2=py38h06a4308_0
      - requests=2.31.0=py38h06a4308_1
      - rpds-py=0.10.6=py38hb02cf49_0
      - scipy=1.10.1=py38hf6e8229_1
      - send2trash=1.8.2=py38h06a4308_0
      - setuptools=68.2.2=py38h06a4308_0
      - sip=6.7.12=py38h6a678d5_0
      - snappy=1.1.10=h6a678d5_1
      - sniffio=1.3.0=py38h06a4308_0
      - soupsieve=2.5=py38h06a4308_0
      - sqlite=3.41.2=h5eee18b_0
      - tbb=2021.8.0=hdb19cb5_0
      - terminado=0.17.1=py38h06a4308_0
      - testpath=0.6.0=py38h06a4308_0
      - thrift=0.17.0=py38h6a678d5_0
      - tk=8.6.12=h1ccaba5_0
      - tomli=2.0.1=py38h06a4308_0
      - toolz=0.12.0=py38h06a4308_0
      - tornado=6.1=py38h27cfd23_0
      - tqdm=4.65.0=py38hb070fc8_0
      - traitlets=5.7.1=py38h06a4308_0
      - typing-extensions=4.9.0=py38h06a4308_1
      - typing_extensions=4.9.0=py38h06a4308_1
      - urllib3=2.1.0=py38h06a4308_1
      - webencodings=0.5.1=py38_1
      - websocket-client=0.58.0=py38h06a4308_4
      - wheel=0.41.2=py38h06a4308_0
      - xz=5.4.6=h5eee18b_0
      - yaml=0.2.5=h7b6447c_0
      - zeromq=4.3.5=h6a678d5_0
      - zict=3.0.0=py38h06a4308_0
      - zipp=3.17.0=py38h06a4308_0
      - zlib=1.2.13=h5eee18b_0
      - zstd=1.5.5=hc292b87_0
      osx-64:
      - abseil-cpp=20230802.0=h61975a4_2
      - anyio=4.2.0=py311hecd8cb5_0
      - appnope=0.1.2=py311hecd8cb5_1001
      - argon2-cffi-bindings=21.2.0=py311h6c40b1e_0
      - arrow-cpp=14.0.2=h3ade35f_1
      - async-lru=2.0.4=py311hecd8cb5_0
      - attrs=23.1.0=py311hecd8cb5_0
      - aws-c-auth=0.6.19=h6c40b1e_0
      - aws-c-cal=0.5.20=h3333b6a_0
      - aws-c-common=0.8.5=h6c40b1e_0
      - aws-c-compression=0.2.16=h6c40b1e_0
      - aws-c-event-stream=0.2.15=hcec6c5f_0
      - aws-c-http=0.6.25=h6c40b1e_0
      - aws-c-io=0.13.10=h6c40b1e_0
      - aws-c-mqtt=0.7.13=h6c40b1e_0
      - aws-c-s3=0.1.51=h6c40b1e_0
      - aws-c-sdkutils=0.1.6=h6c40b1e_0
      - aws-checksums=0.1.13=h6c40b1e_0
      - aws-crt-cpp=0.18.16=hcec6c5f_0
      - aws-sdk-cpp=1.10.55=h61975a4_0
      - babel=2.11.0=py311hecd8cb5_0
      - beautifulsoup4=4.12.2=py311hecd8cb5_0
      - blas=1.0=mkl
      - bokeh=3.3.4=py311h85bffb1_0
      - boost-cpp=1.82.0=ha357a0b_2
      - bottleneck=1.3.7=py311hb3a5e46_0
      - brotli-bin=1.0.9=hca72f7f_7
      - brotli-python=1.0.9=py38he9d5cce_7
      - brotli=1.0.9=hca72f7f_7
      - ca-certificates=2023.12.12=hecd8cb5_0
      - certifi=2024.2.2=py38hecd8cb5_0
      - cffi=1.16.0=py38h6c40b1e_0
      - click=8.1.7=py38hecd8cb5_0
      - cloudpickle=2.2.1=py38hecd8cb5_0
      - contourpy=1.0.5=py38haf03e11_0
      - cytoolz=0.12.2=py38h6c40b1e_0
      - datashape=0.5.4=py38hecd8cb5_1
      - distributed=2.12.0=py38_0
      - entrypoints=0.4=py38hecd8cb5_0
      - fastparquet=0.5.0=py38h67323c0_2
      - freetype=2.12.1=hd8bbffd_0
      - fsspec=2023.10.0=py38hecd8cb5_0
      - idna=3.4=py38hecd8cb5_0
      - importlib-metadata=7.0.1=py38hecd8cb5_0
      - importlib_resources=6.1.1=py38hecd8cb5_1
      - intel-openmp=2023.1.0=ha357a0b_43548
      - ipykernel=5.3.4=py38h5ca1d4c_0
      - ipython=8.12.2=py38hecd8cb5_0
      - jedi=0.18.1=py38hecd8cb5_1
      - jpeg=9e=h6c40b1e_1
      - jsonschema-specifications=2023.7.1=py38hecd8cb5_0
      - jsonschema=4.19.2=py38hecd8cb5_0
      - jupyter_client=7.3.4=py38hecd8cb5_0
      - jupyter_core=5.5.0=py38hecd8cb5_0
      - jupyter_server=1.23.4=py38hecd8cb5_0
      - jupyterlab_pygments=0.2.2=py38hecd8cb5_0
      - kiwisolver=1.4.4=py38hcec6c5f_0
      - lcms2=2.12=hf1fd2bf_0
      - lerc=3.0=he9d5cce_0
      - libboost=1.82.0=hf53b9f2_2
      - libbrotlicommon=1.0.9=hca72f7f_7
      - libbrotlidec=1.0.9=hca72f7f_7
      - libbrotlienc=1.0.9=hca72f7f_7
      - libcurl=8.5.0=hf20ceda_0
      - libcxx=14.0.6=h9765a3e_0
      - libdeflate=1.17=hb664fd8_1
      - libedit=3.1.20230828=h6c40b1e_0
      - libev=4.33=h9ed2024_1
      - libevent=2.1.12=h04015c4_1
      - libffi=3.4.4=hecd8cb5_0
      - libgfortran5=11.3.0=h9dfd629_28
      - libgfortran=5.0.0=11_3_0_hecd8cb5_28
      - libiconv=1.16=hca72f7f_2
      - libllvm14=14.0.6=h91fad77_3
      - libnghttp2=1.57.0=h9beae6a_0
      - libpng=1.6.39=h6c40b1e_0
      - libprotobuf=3.20.3=hfff2838_0
      - libsodium=1.0.18=h1de35cc_0
      - libssh2=1.10.0=h04015c4_2
      - libthrift=0.15.0=h70b4b81_2
      - libtiff=4.5.1=hcec6c5f_0
      - libwebp-base=1.3.2=h6c40b1e_0
      - llvm-openmp=14.0.6=h0dcd299_0
      - llvmlite=0.42.0=py311hcec6c5f_0
      - locket=1.0.0=py311hecd8cb5_0
      - lz4-c=1.9.4=hcec6c5f_0
      - markdown=3.4.1=py38hecd8cb5_0
      - markupsafe=2.0.1=py38h9ed2024_0
      - matplotlib-base=3.7.1=py38hda11e5a_1
      - matplotlib-inline=0.1.6=py38hecd8cb5_0
      - matplotlib=3.7.1=py38hecd8cb5_1
      - mistune=0.8.4=py38h1de35cc_1001
      - mkl-service=2.4.0=py38h6c40b1e_1
      - mkl=2023.1.0=h8e150cf_43560
      - mkl_fft=1.3.8=py38h6c40b1e_0
      - mkl_random=1.2.4=py38ha357a0b_0
      - msgpack-python=1.0.3=py38haf03e11_0
      - multipledispatch=0.6.0=py38_0
      - nbclassic=1.0.0=py38hecd8cb5_0
      - nbclient=0.5.13=py38hecd8cb5_0
      - nbconvert=6.4.4=py38hecd8cb5_0
      - nbformat=5.9.2=py38hecd8cb5_0
      - ncurses=6.4=hcec6c5f_0
      - nest-asyncio=1.6.0=py38hecd8cb5_0
      - notebook-shim=0.2.3=py38hecd8cb5_0
      - notebook=6.5.4=py38hecd8cb5_1
      - numba=0.54.1=py38hae1ba45_0
      - numexpr=2.8.4=py38h47b59a4_1
      - numpy-base=1.20.3=py38h34da072_1
      - numpy=1.20.3=py38h57dabd6_1
      - openjpeg=2.4.0=h66ea3da_0
      - openssl=3.0.13=hca72f7f_0
      - packaging=23.1=py38hecd8cb5_0
      - pandas=1.3.5=py38h743cdd8_0
      - partd=1.4.1=py38hecd8cb5_0
      - pillow=10.2.0=py38h6c40b1e_0
      - pip=23.3.1=py38hecd8cb5_0
      - pkgutil-resolve-name=1.3.10=py38hecd8cb5_1
      - platformdirs=3.10.0=py38hecd8cb5_0
      - pooch=1.7.0=py38hecd8cb5_0
      - prometheus_client=0.14.1=py38hecd8cb5_0
      - prompt-toolkit=3.0.43=py38hecd8cb5_0
      - psutil=5.9.0=py38hca72f7f_0
      - pygments=2.15.1=py38hecd8cb5_1
      - pyparsing=3.0.9=py38hecd8cb5_0
      - pysocks=1.7.1=py38_1
      - python-fastjsonschema=2.16.2=py38hecd8cb5_0
      - python-lmdb=1.4.1=py38hcec6c5f_0
      - python-snappy=0.6.0=py38h23ab428_3
      - python=3.8.18=h5ee71fb_0
      - pytz=2023.3.post1=py38hecd8cb5_0
      - pyyaml=6.0.1=py38h6c40b1e_0
      - pyzmq=24.0.1=py38h6c40b1e_0
      - readline=8.2=hca72f7f_0
      - referencing=0.30.2=py38hecd8cb5_0
      - requests=2.31.0=py38hecd8cb5_1
      - rpds-py=0.10.6=py38hf2ad997_0
      - scipy=1.10.1=py38hf241641_1
      - send2trash=1.8.2=py38hecd8cb5_0
      - setuptools=68.2.2=py38hecd8cb5_0
      - snappy=1.1.10=hcec6c5f_1
      - sniffio=1.3.0=py38hecd8cb5_0
      - soupsieve=2.5=py38hecd8cb5_0
      - sqlite=3.41.2=h6c40b1e_0
      - tbb=2021.8.0=ha357a0b_0
      - terminado=0.17.1=py311hecd8cb5_0
      - tinycss2=1.2.1=py311hecd8cb5_0
      - tk=8.6.12=h5d9f67b_0
      - toolz=0.12.0=py38hecd8cb5_0
      - tornado=6.1=py38h9ed2024_0
      - tqdm=4.65.0=py38h01d92e1_0
      - traitlets=5.7.1=py38hecd8cb5_0
      - typing-extensions=4.9.0=py38hecd8cb5_1
      - typing_extensions=4.9.0=py38hecd8cb5_1
      - urllib3=2.1.0=py38hecd8cb5_1
      - webencodings=0.5.1=py38_1
      - websocket-client=0.58.0=py38hecd8cb5_4
      - wheel=0.41.2=py38hecd8cb5_0
      - xz=5.4.6=h6c40b1e_0
      - yaml=0.2.5=haf1e3a3_0
      - zeromq=4.3.5=hcec6c5f_0
      - zict=3.0.0=py38hecd8cb5_0
      - zipp=3.17.0=py38hecd8cb5_0
      - zlib=1.2.13=h4dc903c_0
      - zstd=1.5.5=hc035e20_0
      osx-arm64:
      - abseil-cpp=20230802.0=h313beb8_2
      - anyio=4.2.0=py311hca03da5_0
      - appnope=0.1.2=py311hca03da5_1001
      - argon2-cffi-bindings=21.2.0=py311h80987f9_0
      - arrow-cpp=14.0.2=hc7aafb3_1
      - async-lru=2.0.4=py311hca03da5_0
      - attrs=23.1.0=py311hca03da5_0
      - aws-c-auth=0.6.19=h80987f9_0
      - aws-c-cal=0.5.20=h80987f9_0
      - aws-c-common=0.8.5=h80987f9_0
      - aws-c-compression=0.2.16=h80987f9_0
      - aws-c-event-stream=0.2.15=h313beb8_0
      - aws-c-http=0.6.25=h80987f9_0
      - aws-c-io=0.13.10=h80987f9_0
      - aws-c-mqtt=0.7.13=h80987f9_0
      - aws-c-s3=0.1.51=h80987f9_0
      - aws-c-sdkutils=0.1.6=h80987f9_0
      - aws-checksums=0.1.13=h80987f9_0
      - aws-crt-cpp=0.18.16=h313beb8_0
      - aws-sdk-cpp=1.10.55=h313beb8_0
      - babel=2.11.0=py311hca03da5_0
      - beautifulsoup4=4.12.2=py311hca03da5_0
      - blas=1.0=openblas
      - bokeh=3.3.4=py311hb6e6a13_0
      - boost-cpp=1.82.0=h48ca7d4_2
      - bottleneck=1.3.7=py311hb9f6ed7_0
      - brotli-bin=1.0.9=h1a28f6b_7
      - brotli-python=1.0.9=py38hc377ac9_7
      - brotli=1.0.9=h1a28f6b_7
      - ca-certificates=2023.12.12=hca03da5_0
      - certifi=2024.2.2=py38hca03da5_0
      - cffi=1.16.0=py38h80987f9_0
      - click=8.1.7=py38hca03da5_0
      - cloudpickle=2.2.1=py38hca03da5_0
      - cytoolz=0.12.2=py38h80987f9_0
      - datashape=0.5.4=py38hca03da5_1
      - distributed=2.10.0=py_0
      - entrypoints=0.4=py38hca03da5_0
      - fastparquet=0.5.0=py38heec5a64_2
      - fftw=3.3.9=h1a28f6b_1
      - freetype=2.12.1=h1192e45_0
      - fsspec=2023.10.0=py38hca03da5_0
      - idna=3.4=py38hca03da5_0
      - importlib-metadata=7.0.1=py38hca03da5_0
      - importlib_resources=6.1.1=py38hca03da5_1
      - ipykernel=5.3.4=py38h86d0a89_0
      - ipython=8.12.2=py38hca03da5_0
      - jedi=0.18.1=py38hca03da5_1
      - jpeg=9e=h80987f9_1
      - jsonschema-specifications=2023.7.1=py38hca03da5_0
      - jsonschema=4.19.2=py38hca03da5_0
      - jupyter_client=7.3.4=py38hca03da5_0
      - jupyter_core=5.5.0=py38hca03da5_0
      - jupyter_server=1.23.4=py38hca03da5_0
      - jupyterlab_pygments=0.2.2=py38hca03da5_0
      - kiwisolver=1.4.4=py38h313beb8_0
      - lcms2=2.12=hba8e193_0
      - lerc=3.0=hc377ac9_0
      - libboost=1.82.0=h0bc93f9_2
      - libbrotlicommon=1.0.9=h1a28f6b_7
      - libbrotlidec=1.0.9=h1a28f6b_7
      - libbrotlienc=1.0.9=h1a28f6b_7
      - libcurl=8.5.0=h3e2b118_0
      - libcxx=14.0.6=h848a8c0_0
      - libdeflate=1.17=h80987f9_1
      - libedit=3.1.20230828=h80987f9_0
      - libev=4.33=h1a28f6b_1
      - libevent=2.1.12=h02f6b3c_1
      - libffi=3.4.4=hca03da5_0
      - libgfortran5=11.3.0=h009349e_28
      - libgfortran=5.0.0=11_3_0_hca03da5_28
      - libiconv=1.16=h1a28f6b_2
      - libllvm14=14.0.6=h7ec7a93_3
      - libnghttp2=1.57.0=h62f6fdd_0
      - libopenblas=0.3.21=h269037a_0
      - libpng=1.6.39=h80987f9_0
      - libprotobuf=3.20.3=h514c7bf_0
      - libsodium=1.0.18=h1a28f6b_0
      - libssh2=1.10.0=h02f6b3c_2
      - libthrift=0.15.0=h73c2103_2
      - libtiff=4.5.1=h313beb8_0
      - libwebp-base=1.3.2=h80987f9_0
      - llvm-openmp=14.0.6=hc6e5704_0
      - llvmlite=0.42.0=py311h313beb8_0
      - locket=1.0.0=py311hca03da5_0
      - lz4-c=1.9.4=h313beb8_0
      - markdown=3.4.1=py38hca03da5_0
      - markupsafe=2.0.1=py38h1a28f6b_0
      - matplotlib-base=3.5.0=py38h9197a36_0
      - matplotlib-inline=0.1.6=py38hca03da5_0
      - matplotlib=3.5.0=py38hca03da5_0
      - mistune=0.8.4=py38h1a28f6b_1000
      - msgpack-python=1.0.3=py38h525c30c_0
      - multipledispatch=0.6.0=py38hca03da5_0
      - nbclassic=1.0.0=py38hca03da5_0
      - nbclient=0.5.13=py38hca03da5_0
      - nbconvert=6.4.4=py38hca03da5_0
      - nbformat=5.9.2=py38hca03da5_0
      - ncurses=6.4=h313beb8_0
      - nest-asyncio=1.6.0=py38hca03da5_0
      - notebook-shim=0.2.3=py38hca03da5_0
      - notebook=6.5.4=py38hca03da5_1
      - numba=0.54.0=py38hc377ac9_0
      - numexpr=2.8.4=py38h79ee842_1
      - numpy-base=1.19.5=py38hdc56644_4
      - numpy=1.19.5=py38h831b0dc_4
      - openjpeg=2.3.0=h7a6adac_2
      - openssl=3.0.13=h1a28f6b_0
      - packaging=23.1=py38hca03da5_0
      - pandas=1.3.5=py38h9197a36_0
      - partd=1.4.1=py38hca03da5_0
      - pillow=10.2.0=py38h80987f9_0
      - pip=23.3.1=py38hca03da5_0
      - pkgutil-resolve-name=1.3.10=py38hca03da5_1
      - platformdirs=3.10.0=py38hca03da5_0
      - pooch=1.7.0=py38hca03da5_0
      - prometheus_client=0.14.1=py38hca03da5_0
      - prompt-toolkit=3.0.43=py38hca03da5_0
      - psutil=5.9.0=py38h1a28f6b_0
      - pygments=2.15.1=py38hca03da5_1
      - pyparsing=3.0.9=py38hca03da5_0
      - pysocks=1.7.1=py38hca03da5_0
      - python-fastjsonschema=2.16.2=py38hca03da5_0
      - python-lmdb=1.4.1=py38h313beb8_0
      - python-snappy=0.6.0=py38hc377ac9_0
      - python=3.8.18=hb885b13_0
      - pytz=2023.3.post1=py38hca03da5_0
      - pyyaml=6.0.1=py38h80987f9_0
      - pyzmq=24.0.1=py38h80987f9_0
      - readline=8.2=h1a28f6b_0
      - referencing=0.30.2=py38hca03da5_0
      - requests=2.31.0=py38hca03da5_1
      - rpds-py=0.10.6=py38hf0e4da2_0
      - scipy=1.10.0=py38h9d039d2_0
      - send2trash=1.8.2=py38hca03da5_0
      - setuptools=68.2.2=py38hca03da5_0
      - snappy=1.1.10=h313beb8_1
      - sniffio=1.3.0=py38hca03da5_0
      - soupsieve=2.5=py38hca03da5_0
      - sqlite=3.41.2=h80987f9_0
      - tbb=2021.8.0=h48ca7d4_0
      - terminado=0.17.1=py311hca03da5_0
      - tinycss2=1.2.1=py311hca03da5_0
      - tk=8.6.12=hb8d0fd4_0
      - toolz=0.12.0=py38hca03da5_0
      - tornado=6.1=py38h1a28f6b_0
      - tqdm=4.65.0=py38h86d0a89_0
      - traitlets=5.7.1=py38hca03da5_0
      - typing-extensions=4.9.0=py38hca03da5_1
      - typing_extensions=4.9.0=py38hca03da5_1
      - urllib3=2.1.0=py38hca03da5_1
      - webencodings=0.5.1=py38hca03da5_1
      - websocket-client=0.58.0=py38hca03da5_4
      - wheel=0.41.2=py38hca03da5_0
      - xz=5.4.6=h80987f9_0
      - yaml=0.2.5=h1a28f6b_0
      - zeromq=4.3.5=h313beb8_0
      - zict=3.0.0=py38hca03da5_0
      - zipp=3.17.0=py38hca03da5_0
      - zlib=1.2.13=h5a0b063_0
      - zstd=1.5.5=hd90d995_0
      win-64:
      - abseil-cpp=20211102.0=hd77b12b_0
      - anyio=4.2.0=py311haa95532_0
      - argon2-cffi-bindings=21.2.0=py311h2bbff1b_0
      - arrow-cpp=14.0.2=ha81ea56_1
      - async-lru=2.0.4=py311haa95532_0
      - attrs=23.1.0=py311haa95532_0
      - aws-c-auth=0.6.19=h2bbff1b_0
      - aws-c-cal=0.5.20=h2bbff1b_0
      - aws-c-common=0.8.5=h2bbff1b_0
      - aws-c-compression=0.2.16=h2bbff1b_0
      - aws-c-event-stream=0.2.15=hd77b12b_0
      - aws-c-http=0.6.25=h2bbff1b_0
      - aws-c-io=0.13.10=h2bbff1b_0
      - aws-c-mqtt=0.7.13=h2bbff1b_0
      - aws-c-s3=0.1.51=h2bbff1b_0
      - aws-c-sdkutils=0.1.6=h2bbff1b_0
      - aws-checksums=0.1.13=h2bbff1b_0
      - aws-crt-cpp=0.18.16=hd77b12b_0
      - aws-sdk-cpp=1.10.55=hd77b12b_0
      - babel=2.11.0=py311haa95532_0
      - beautifulsoup4=4.12.2=py311haa95532_0
      - blas=1.0=mkl
      - bokeh=3.3.4=py311h746a85d_0
      - boost-cpp=1.82.0=h59b6b97_2
      - bottleneck=1.3.7=py311hd7041d2_0
      - brotli-bin=1.0.9=h2bbff1b_7
      - brotli-python=1.0.9=py38hd77b12b_7
      - brotli=1.0.9=h2bbff1b_7
      - ca-certificates=2023.12.12=haa95532_0
      - certifi=2024.2.2=py38haa95532_0
      - cffi=1.16.0=py38h2bbff1b_0
      - click=8.1.7=py38haa95532_0
      - cloudpickle=2.2.1=py38haa95532_0
      - colorama=0.4.6=py38haa95532_0
      - contourpy=1.0.5=py38h59b6b97_0
      - cytoolz=0.12.2=py38h2bbff1b_0
      - datashape=0.5.4=py38haa95532_1
      - distributed=2.12.0=py38_0
      - entrypoints=0.4=py38haa95532_0
      - fastparquet=0.5.0=py38h080aedc_2
      - freetype=2.12.1=ha860e81_0
      - fsspec=2023.10.0=py38haa95532_0
      - icc_rt=2022.1.0=h6049295_2
      - icu=73.1=h6c2663c_0
      - idna=3.4=py38haa95532_0
      - importlib-metadata=7.0.1=py38haa95532_0
      - importlib_resources=6.1.1=py38haa95532_1
      - intel-openmp=2023.1.0=h59b6b97_46320
      - ipykernel=5.3.4=py38h5ca1d4c_0
      - ipython=8.12.2=py38haa95532_0
      - jedi=0.18.1=py38haa95532_1
      - jpeg=9e=h2bbff1b_1
      - jsonschema-specifications=2023.7.1=py38haa95532_0
      - jsonschema=4.19.2=py38haa95532_0
      - jupyter_client=7.3.4=py38haa95532_0
      - jupyter_core=5.5.0=py38haa95532_0
      - jupyter_server=1.23.4=py38haa95532_0
      - jupyterlab_pygments=0.2.2=py38haa95532_0
      - kiwisolver=1.4.4=py38hd77b12b_0
      - krb5=1.20.1=h5b6d351_0
      - lerc=3.0=hd77b12b_0
      - libboost=1.82.0=h3399ecb_2
      - libbrotlicommon=1.0.9=h2bbff1b_7
      - libbrotlidec=1.0.9=h2bbff1b_7
      - libbrotlienc=1.0.9=h2bbff1b_7
      - libclang13=14.0.6=default_h8e68704_1
      - libclang=14.0.6=default_hb5a9fac_1
      - libcurl=8.5.0=h86230a5_0
      - libdeflate=1.17=h2bbff1b_1
      - libevent=2.1.12=h56d1f94_1
      - libffi=3.4.4=hd77b12b_0
      - libpng=1.6.39=h8cc25b3_0
      - libpq=12.17=h906ac69_0
      - libsodium=1.0.18=h62dcd97_0
      - libssh2=1.10.0=he2ea4bf_2
      - libthrift=0.15.0=h4364b78_2
      - libtiff=4.5.1=hd77b12b_0
      - libwebp-base=1.3.2=h2bbff1b_0
      - llvmlite=0.37.0=py38h23ce68f_2
      - locket=1.0.0=py38haa95532_0
      - lz4-c=1.9.4=h2bbff1b_0
      - markdown=3.4.1=py38haa95532_0
      - markupsafe=2.0.1=py38h2bbff1b_0
      - matplotlib-base=3.7.1=py38hf11a4ad_1
      - matplotlib-inline=0.1.6=py38haa95532_0
      - matplotlib=3.7.1=py38haa95532_1
      - mistune=0.8.4=py38he774522_1000
      - mkl-service=2.4.0=py38h2bbff1b_1
      - mkl=2023.1.0=h6b88ed4_46358
      - mkl_fft=1.3.8=py38h2bbff1b_0
      - mkl_random=1.2.4=py38h59b6b97_0
      - msgpack-python=1.0.3=py38h59b6b97_0
      - multipledispatch=0.6.0=py38_0
      - nbclassic=1.0.0=py38haa95532_0
      - nbclient=0.5.13=py38haa95532_0
      - nbconvert=6.4.4=py38haa95532_0
      - nbformat=5.9.2=py38haa95532_0
      - nest-asyncio=1.6.0=py38haa95532_0
      - notebook-shim=0.2.3=py38haa95532_0
      - notebook=6.5.4=py38haa95532_1
      - numba=0.54.1=py38hf11a4ad_0
      - numexpr=2.8.4=py38h7b80656_1
      - numpy-base=1.20.3=py38h5bfbeaa_1
      - numpy=1.20.3=py38h749eb61_1
      - openjpeg=2.4.0=h4fc8c34_0
      - openssl=3.0.13=h2bbff1b_0
      - packaging=23.1=py38haa95532_0
      - pandas=1.3.5=py38h6214cd6_0
      - partd=1.4.1=py38haa95532_0
      - pillow=10.2.0=py38h2bbff1b_0
      - pip=23.3.1=py38haa95532_0
      - pkgutil-resolve-name=1.3.10=py38haa95532_1
      - platformdirs=3.10.0=py38haa95532_0
      - ply=3.11=py38_0
      - pooch=1.7.0=py38haa95532_0
      - prometheus_client=0.14.1=py38haa95532_0
      - prompt-toolkit=3.0.43=py38haa95532_0
      - psutil=5.9.0=py38h2bbff1b_0
      - pygments=2.15.1=py38haa95532_1
      - pyparsing=3.0.9=py38haa95532_0
      - pyqt5-sip=12.13.0=py38h2bbff1b_0
      - pyqt=5.15.10=py38hd77b12b_0
      - pysocks=1.7.1=py38haa95532_0
      - python-fastjsonschema=2.16.2=py38haa95532_0
      - python-lmdb=1.4.1=py38hd77b12b_0
      - python-snappy=0.6.0=py38hd77b12b_3
      - python=3.8.18=h1aa4202_0
      - pytz=2023.3.post1=py38haa95532_0
      - pywin32=305=py38h2bbff1b_0
      - pywinpty=2.0.10=py38h5da7b33_0
      - pyyaml=6.0.1=py38h2bbff1b_0
      - pyzmq=24.0.1=py38h2bbff1b_0
      - qt-main=5.15.2=h19c9488_10
      - referencing=0.30.2=py38haa95532_0
      - requests=2.31.0=py38haa95532_1
      - rpds-py=0.10.6=py38h062c2fa_0
      - scipy=1.10.1=py38hdcfc7df_1
      - send2trash=1.8.2=py38haa95532_0
      - setuptools=68.2.2=py38haa95532_0
      - sip=6.7.12=py38hd77b12b_0
      - snappy=1.1.10=h6c2663c_1
      - sniffio=1.3.0=py38haa95532_0
      - soupsieve=2.5=py38haa95532_0
      - sqlite=3.41.2=h2bbff1b_0
      - tbb=2021.8.0=h59b6b97_0
      - terminado=0.17.1=py38haa95532_0
      - testpath=0.6.0=py38haa95532_0
      - thrift=0.17.0=py38hd77b12b_0
      - tomli=2.0.1=py38haa95532_0
      - toolz=0.12.0=py38haa95532_0
      - tornado=6.1=py38h2bbff1b_0
      - tqdm=4.65.0=py38hd4e2768_0
      - traitlets=5.7.1=py38haa95532_0
      - typing-extensions=4.9.0=py38haa95532_1
      - typing_extensions=4.9.0=py38haa95532_1
      - urllib3=2.1.0=py38haa95532_1
      - vc=14.2=h21ff451_1
      - vs2015_runtime=14.27.29016=h5e58377_2
      - webencodings=0.5.1=py311haa95532_1
      - websocket-client=0.58.0=py311haa95532_4
      - wheel=0.41.2=py311haa95532_0
      - win_inet_pton=1.1.0=py311haa95532_0
      - winpty=0.4.3=4
      - xz=5.4.6=h8cc25b3_0
      - yaml=0.2.5=he774522_0
      - zeromq=4.3.5=hd77b12b_0
      - zict=3.0.0=py38haa95532_0
      - zipp=3.17.0=py38haa95532_0
      - zlib=1.2.13=h8cc25b3_0
      - zstd=1.5.5=hd43e919_0
