# This is an Anaconda project lock file.
# The lock file locks down exact versions of all your dependencies.
#
# In most cases, this file is automatically maintained by the `anaconda-project` command or GUI tools.
# It's best to keep this file in revision control (such as git or svn).
# The file is in YAML format, please see http://www.yaml.org/start.html for more.
#

#
# Set to false to ignore locked versions.
#
locking_enabled: true

#
# A key goes in here for each env spec.
#
env_specs:
  test:
    locked: true
    env_spec_hash: c64d75eba9686f6840618c153fa4ce9a3b62fac0
    platforms:
    - linux-64
    - osx-64
    - win-64
    packages:
      all:
      - atomicwrites=1.4.0=py_0
      - attrs=19.3.0=py_0
      - backcall=0.1.0=py36_0
      - beautifulsoup4=4.9.0=py36_0
      - blas=1.0=mkl
      - bleach=3.1.4=py_0
      - bokeh=2.0.2=py36_0
      - ca-certificates=2020.1.1=0
      - certifi=2020.4.5.1=py36_0
      - chardet=3.0.4=py36_1003
      - decorator=4.4.2=py_0
      - defusedxml=0.6.0=py_0
      - entrypoints=0.3=py36_0
      - holoviews=1.13.2=py_0
      - idna=2.9=py_1
      - importlib-metadata=1.6.0=py36_0
      - importlib_metadata=1.6.0=0
      - ipykernel=5.1.0=py36h39e3cac_0
      - ipython=7.13.0=py36h5ca1d4c_0
      - ipython_genutils=0.2.0=py36_0
      - jedi=0.17.0=py36_0
      - jinja2=2.11.2=py_0
      - jsonschema=3.2.0=py36_0
      - jupyter_client=6.1.3=py_0
      - jupyter_core=4.6.3=py36_0
      - markdown=3.1.1=py36_0
      - more-itertools=8.3.0=py_0
      - nbconvert=5.6.1=py36_0
      - nbformat=5.0.6=py_0
      - nbsmoke=0.2.8=py36_0
      - notebook=5.7.8=py36_0
      - olefile=0.46=py36_0
      - packaging=20.3=py_0
      - pandoc=2.2.3.2=0
      - pandocfilters=1.4.2=py36_1
      - panel=0.9.5=py_1
      - param=1.9.3=py_0
      - parso=0.7.0=py_0
      - pickleshare=0.7.5=py36_0
      - pip=20.0.2=py36_3
      - pluggy=0.13.1=py36_0
      - prometheus_client=0.7.1=py_0
      - prompt-toolkit=3.0.4=py_0
      - prompt_toolkit=3.0.4=0
      - py=1.8.1=py_0
      - pycparser=2.20=py_0
      - pyct=0.4.6=py36_0
      - pyflakes=2.2.0=py_0
      - pygments=2.6.1=py_0
      - pyopenssl=19.1.0=py36_0
      - pyparsing=2.4.7=py_0
      - pysocks=1.7.1=py36_0
      - pytest=4.4.1=py36_0
      - python-dateutil=2.8.1=py_0
      - pytz=2020.1=py_0
      - pyviz_comms=0.7.4=py_0
      - requests=2.23.0=py36_0
      - send2trash=1.5.0=py36_0
      - setuptools=46.4.0=py36_0
      - six=1.14.0=py36_0
      - soupsieve=2.0.1=py_0
      - terminado=0.8.3=py36_0
      - testpath=0.4.4=py_0
      - tqdm=4.46.0=py_0
      - traitlets=4.3.3=py36_0
      - typing_extensions=3.7.4.1=py36_0
      - urllib3=1.25.8=py36_0
      - wcwidth=0.1.9=py_0
      - webencodings=0.5.1=py36_1
      - wheel=0.34.2=py36_0
      - zipp=3.1.0=py_0
      unix:
      - pexpect=4.8.0=py36_0
      - ptyprocess=0.6.0=py36_0
      linux-64:
      - _libgcc_mutex=0.1=main
      - cffi=1.14.0=py36he30daa8_1
      - cryptography=2.9.2=py36h1ba5d50_0
      - cycler=0.10.0=py36_0
      - freetype=2.9.1=h8a8886c_1
      - gmp=6.1.2=h6c8ec71_1
      - icu=58.2=he6710b0_3
      - intel-openmp=2020.1=217
      - jpeg=9b=h024ee3a_2
      - kiwisolver=1.2.0=py36hfd86e86_0
      - ld_impl_linux-64=2.33.1=h53a641e_7
      - libedit=3.1.20181209=hc058e9b_0
      - libffi=3.3=he6710b0_1
      - libgcc-ng=9.1.0=hdf63c60_0
      - libgfortran-ng=7.3.0=hdf63c60_0
      - libpng=1.6.37=hbc83047_0
      - libsodium=1.0.16=h1bed415_0
      - libstdcxx-ng=9.1.0=hdf63c60_0
      - libtiff=4.1.0=h2733197_0
      - markupsafe=1.1.1=py36h7b6447c_0
      - matplotlib-base=3.1.3=py36hef1b27d_0
      - mistune=0.8.4=py36h7b6447c_0
      - mkl-service=2.3.0=py36he904b0f_0
      - mkl=2020.1=217
      - mkl_fft=1.0.15=py36ha843d7b_0
      - mkl_random=1.1.1=py36h0573a6f_0
      - ncurses=6.2=he6710b0_1
      - numpy-base=1.16.4=py36hde5b4d6_0
      - numpy=1.16.4=py36h7e9f1db_0
      - openssl=1.1.1g=h7b6447c_0
      - pandas=0.24.2=py36he6710b0_0
      - pillow=7.1.2=py36hb39fc2d_0
      - pyrsistent=0.16.0=py36h7b6447c_0
      - python=3.6.10=h7579374_2
      - pyyaml=5.3.1=py36h7b6447c_0
      - pyzmq=18.1.1=py36he6710b0_0
      - readline=8.0=h7b6447c_0
      - sqlite=3.31.1=h62c20be_1
      - tk=8.6.8=hbc83047_0
      - tornado=6.0.4=py36h7b6447c_1
      - xz=5.2.5=h7b6447c_0
      - yaml=0.1.7=had09818_2
      - zeromq=4.3.1=he6710b0_3
      - zlib=1.2.11=h7b6447c_3
      - zstd=1.3.7=h0b5b093_0
      osx-64:
      - appnope=0.1.0=py36hf537a9a_0
      - cffi=1.14.0=py36hc512035_1
      - cryptography=2.9.2=py36ha12b0ac_0
      - cycler=0.10.0=py36hfc81398_0
      - freetype=2.9.1=hb4e5f40_0
      - intel-openmp=2019.4=233
      - jpeg=9b=he5867d9_2
      - kiwisolver=1.2.0=py36h04f5b5a_0
      - libcxx=10.0.0=1
      - libedit=3.1.20181209=hb402a30_0
      - libffi=3.3=h0a44026_1
      - libgfortran=3.0.1=h93005f0_2
      - libpng=1.6.37=ha441bb4_0
      - libsodium=1.0.16=h3efe00b_0
      - libtiff=4.1.0=hcb84e12_0
      - markupsafe=1.1.1=py36h1de35cc_0
      - matplotlib-base=3.1.3=py36h9aa3819_0
      - mistune=0.8.4=py36h1de35cc_0
      - mkl-service=2.3.0=py36hfbe908c_0
      - mkl=2019.4=233
      - mkl_fft=1.0.15=py36h5e564d8_0
      - mkl_random=1.1.1=py36h959d312_0
      - ncurses=6.2=h0a44026_1
      - numpy-base=1.16.4=py36h6575580_0
      - numpy=1.16.4=py36hacdab7b_0
      - openssl=1.1.1g=h1de35cc_0
      - pandas=0.24.2=py36h0a44026_0
      - pillow=7.1.2=py36h4655f20_0
      - pyrsistent=0.16.0=py36h1de35cc_0
      - python=3.6.10=hf48f09d_2
      - pyyaml=5.3.1=py36h1de35cc_0
      - pyzmq=18.1.1=py36h0a44026_0
      - readline=8.0=h1de35cc_0
      - sqlite=3.31.1=h5c1f38d_1
      - tk=8.6.8=ha441bb4_0
      - tornado=6.0.4=py36h1de35cc_1
      - xz=5.2.5=h1de35cc_0
      - yaml=0.1.7=hc338f04_2
      - zeromq=4.3.1=h0a44026_3
      - zlib=1.2.11=h1de35cc_3
      - zstd=1.3.7=h5bba6e5_0
      win-64:
      - cffi=1.14.0=py36h7a1dbc1_0
      - colorama=0.4.3=py_0
      - cryptography=2.9.2=py36h7a1dbc1_0
      - cycler=0.10.0=py36h009560c_0
      - freetype=2.9.1=ha9979f8_1
      - icc_rt=2019.0.0=h0cc432a_1
      - intel-openmp=2020.1=216
      - jpeg=9b=hb83a4c4_2
      - kiwisolver=1.2.0=py36h74a9793_0
      - libpng=1.6.37=h2a8f88b_0
      - libsodium=1.0.16=h9d3ae62_0
      - libtiff=4.1.0=h56a325e_0
      - m2w64-gcc-libgfortran=5.3.0=6
      - m2w64-gcc-libs-core=5.3.0=7
      - m2w64-gcc-libs=5.3.0=7
      - m2w64-gmp=6.1.0=2
      - m2w64-libwinpthread-git=5.0.0.4634.697f757=2
      - markupsafe=1.1.1=py36he774522_0
      - matplotlib-base=3.1.3=py36h64f37c6_0
      - mistune=0.8.4=py36he774522_0
      - mkl-service=2.3.0=py36hb782905_0
      - mkl=2020.1=216
      - mkl_fft=1.0.15=py36h14836fe_0
      - mkl_random=1.1.1=py36h47e9c7a_0
      - msys2-conda-epoch=20160418=1
      - numpy-base=1.16.4=py36hc3f5095_0
      - numpy=1.16.4=py36h19fb1c0_0
      - openssl=1.1.1g=he774522_0
      - pandas=0.24.2=py36ha925a31_0
      - pillow=7.1.2=py36hcc1f983_0
      - pyrsistent=0.16.0=py36he774522_0
      - python=3.6.10=h9f7ef89_2
      - pywin32=227=py36he774522_1
      - pywinpty=0.5.7=py36_0
      - pyyaml=5.3.1=py36he774522_0
      - pyzmq=18.1.1=py36ha925a31_0
      - sqlite=3.31.1=h2a8f88b_1
      - tk=8.6.8=hfa6e2cd_0
      - tornado=6.0.4=py36he774522_1
      - vc=14.1=h0510ff6_4
      - vs2015_runtime=14.16.27012=hf0eaf9b_2
      - win_inet_pton=1.1.0=py36_0
      - wincertstore=0.2=py36h7fe50ca_0
      - winpty=0.4.3=4
      - xz=5.2.5=h62dcd97_0
      - yaml=0.1.7=hc54c509_2
      - zeromq=4.3.1=h33f27b4_3
      - zlib=1.2.11=h62dcd97_4
      - zstd=1.3.7=h508b16e_0
  default:
    locked: true
    env_spec_hash: a39edbf6403af23934431f3d3ee1c02b5a67c2c3
    platforms:
    - linux-64
    - osx-64
    - win-64
    packages:
      all:
      - attrs=19.3.0=py_0
      - backcall=0.1.0=py36_0
      - blas=1.0=mkl
      - bleach=3.1.4=py_0
      - bokeh=2.0.2=py36_0
      - ca-certificates=2020.1.1=0
      - certifi=2020.4.5.1=py36_0
      - chardet=3.0.4=py36_1003
      - decorator=4.4.2=py_0
      - defusedxml=0.6.0=py_0
      - entrypoints=0.3=py36_0
      - holoviews=1.13.2=py_0
      - idna=2.9=py_1
      - importlib-metadata=1.6.0=py36_0
      - importlib_metadata=1.6.0=0
      - ipykernel=5.1.0=py36h39e3cac_0
      - ipython=7.13.0=py36h5ca1d4c_0
      - ipython_genutils=0.2.0=py36_0
      - jedi=0.17.0=py36_0
      - jinja2=2.11.2=py_0
      - jsonschema=3.2.0=py36_0
      - jupyter_client=6.1.3=py_0
      - jupyter_core=4.6.3=py36_0
      - markdown=3.1.1=py36_0
      - nbconvert=5.6.1=py36_0
      - nbformat=5.0.6=py_0
      - notebook=5.7.8=py36_0
      - olefile=0.46=py36_0
      - packaging=20.3=py_0
      - pandoc=2.2.3.2=0
      - pandocfilters=1.4.2=py36_1
      - panel=0.9.5=py_1
      - param=1.9.3=py_0
      - parso=0.7.0=py_0
      - pickleshare=0.7.5=py36_0
      - pip=20.0.2=py36_3
      - prometheus_client=0.7.1=py_0
      - prompt-toolkit=3.0.4=py_0
      - prompt_toolkit=3.0.4=0
      - pycparser=2.20=py_0
      - pyct=0.4.6=py36_0
      - pygments=2.6.1=py_0
      - pyopenssl=19.1.0=py36_0
      - pyparsing=2.4.7=py_0
      - pysocks=1.7.1=py36_0
      - python-dateutil=2.8.1=py_0
      - pytz=2020.1=py_0
      - pyviz_comms=0.7.4=py_0
      - requests=2.23.0=py36_0
      - send2trash=1.5.0=py36_0
      - setuptools=46.4.0=py36_0
      - six=1.14.0=py36_0
      - terminado=0.8.3=py36_0
      - testpath=0.4.4=py_0
      - tqdm=4.46.0=py_0
      - traitlets=4.3.3=py36_0
      - typing_extensions=3.7.4.1=py36_0
      - urllib3=1.25.8=py36_0
      - wcwidth=0.1.9=py_0
      - webencodings=0.5.1=py36_1
      - wheel=0.34.2=py36_0
      - zipp=3.1.0=py_0
      unix:
      - pexpect=4.8.0=py36_0
      - ptyprocess=0.6.0=py36_0
      linux-64:
      - _libgcc_mutex=0.1=main
      - cffi=1.14.0=py36he30daa8_1
      - cryptography=2.9.2=py36h1ba5d50_0
      - cycler=0.10.0=py36_0
      - freetype=2.9.1=h8a8886c_1
      - gmp=6.1.2=h6c8ec71_1
      - icu=58.2=he6710b0_3
      - intel-openmp=2020.1=217
      - jpeg=9b=h024ee3a_2
      - kiwisolver=1.2.0=py36hfd86e86_0
      - ld_impl_linux-64=2.33.1=h53a641e_7
      - libedit=3.1.20181209=hc058e9b_0
      - libffi=3.3=he6710b0_1
      - libgcc-ng=9.1.0=hdf63c60_0
      - libgfortran-ng=7.3.0=hdf63c60_0
      - libpng=1.6.37=hbc83047_0
      - libsodium=1.0.16=h1bed415_0
      - libstdcxx-ng=9.1.0=hdf63c60_0
      - libtiff=4.1.0=h2733197_0
      - markupsafe=1.1.1=py36h7b6447c_0
      - matplotlib-base=3.1.3=py36hef1b27d_0
      - mistune=0.8.4=py36h7b6447c_0
      - mkl-service=2.3.0=py36he904b0f_0
      - mkl=2020.1=217
      - mkl_fft=1.0.15=py36ha843d7b_0
      - mkl_random=1.1.1=py36h0573a6f_0
      - ncurses=6.2=he6710b0_1
      - numpy-base=1.16.4=py36hde5b4d6_0
      - numpy=1.16.4=py36h7e9f1db_0
      - openssl=1.1.1g=h7b6447c_0
      - pandas=0.24.2=py36he6710b0_0
      - pillow=7.1.2=py36hb39fc2d_0
      - pyrsistent=0.16.0=py36h7b6447c_0
      - python=3.6.10=h7579374_2
      - pyyaml=5.3.1=py36h7b6447c_0
      - pyzmq=18.1.1=py36he6710b0_0
      - readline=8.0=h7b6447c_0
      - sqlite=3.31.1=h62c20be_1
      - tk=8.6.8=hbc83047_0
      - tornado=6.0.4=py36h7b6447c_1
      - xz=5.2.5=h7b6447c_0
      - yaml=0.1.7=had09818_2
      - zeromq=4.3.1=he6710b0_3
      - zlib=1.2.11=h7b6447c_3
      - zstd=1.3.7=h0b5b093_0
      osx-64:
      - appnope=0.1.0=py36hf537a9a_0
      - cffi=1.14.0=py36hc512035_1
      - cryptography=2.9.2=py36ha12b0ac_0
      - cycler=0.10.0=py36hfc81398_0
      - freetype=2.9.1=hb4e5f40_0
      - intel-openmp=2019.4=233
      - jpeg=9b=he5867d9_2
      - kiwisolver=1.2.0=py36h04f5b5a_0
      - libcxx=10.0.0=1
      - libedit=3.1.20181209=hb402a30_0
      - libffi=3.3=h0a44026_1
      - libgfortran=3.0.1=h93005f0_2
      - libpng=1.6.37=ha441bb4_0
      - libsodium=1.0.16=h3efe00b_0
      - libtiff=4.1.0=hcb84e12_0
      - markupsafe=1.1.1=py36h1de35cc_0
      - matplotlib-base=3.1.3=py36h9aa3819_0
      - mistune=0.8.4=py36h1de35cc_0
      - mkl-service=2.3.0=py36hfbe908c_0
      - mkl=2019.4=233
      - mkl_fft=1.0.15=py36h5e564d8_0
      - mkl_random=1.1.1=py36h959d312_0
      - ncurses=6.2=h0a44026_1
      - numpy-base=1.16.4=py36h6575580_0
      - numpy=1.16.4=py36hacdab7b_0
      - openssl=1.1.1g=h1de35cc_0
      - pandas=0.24.2=py36h0a44026_0
      - pillow=7.1.2=py36h4655f20_0
      - pyrsistent=0.16.0=py36h1de35cc_0
      - python=3.6.10=hf48f09d_2
      - pyyaml=5.3.1=py36h1de35cc_0
      - pyzmq=18.1.1=py36h0a44026_0
      - readline=8.0=h1de35cc_0
      - sqlite=3.31.1=h5c1f38d_1
      - tk=8.6.8=ha441bb4_0
      - tornado=6.0.4=py36h1de35cc_1
      - xz=5.2.5=h1de35cc_0
      - yaml=0.1.7=hc338f04_2
      - zeromq=4.3.1=h0a44026_3
      - zlib=1.2.11=h1de35cc_3
      - zstd=1.3.7=h5bba6e5_0
      win-64:
      - cffi=1.14.0=py36h7a1dbc1_0
      - colorama=0.4.3=py_0
      - cryptography=2.9.2=py36h7a1dbc1_0
      - cycler=0.10.0=py36h009560c_0
      - freetype=2.9.1=ha9979f8_1
      - icc_rt=2019.0.0=h0cc432a_1
      - intel-openmp=2020.1=216
      - jpeg=9b=hb83a4c4_2
      - kiwisolver=1.2.0=py36h74a9793_0
      - libpng=1.6.37=h2a8f88b_0
      - libsodium=1.0.16=h9d3ae62_0
      - libtiff=4.1.0=h56a325e_0
      - m2w64-gcc-libgfortran=5.3.0=6
      - m2w64-gcc-libs-core=5.3.0=7
      - m2w64-gcc-libs=5.3.0=7
      - m2w64-gmp=6.1.0=2
      - m2w64-libwinpthread-git=5.0.0.4634.697f757=2
      - markupsafe=1.1.1=py36he774522_0
      - matplotlib-base=3.1.3=py36h64f37c6_0
      - mistune=0.8.4=py36he774522_0
      - mkl-service=2.3.0=py36hb782905_0
      - mkl=2020.1=216
      - mkl_fft=1.0.15=py36h14836fe_0
      - mkl_random=1.1.1=py36h47e9c7a_0
      - msys2-conda-epoch=20160418=1
      - numpy-base=1.16.4=py36hc3f5095_0
      - numpy=1.16.4=py36h19fb1c0_0
      - openssl=1.1.1g=he774522_0
      - pandas=0.24.2=py36ha925a31_0
      - pillow=7.1.2=py36hcc1f983_0
      - pyrsistent=0.16.0=py36he774522_0
      - python=3.6.10=h9f7ef89_2
      - pywin32=227=py36he774522_1
      - pywinpty=0.5.7=py36_0
      - pyyaml=5.3.1=py36he774522_0
      - pyzmq=18.1.1=py36ha925a31_0
      - sqlite=3.31.1=h2a8f88b_1
      - tk=8.6.8=hfa6e2cd_0
      - tornado=6.0.4=py36he774522_1
      - vc=14.1=h0510ff6_4
      - vs2015_runtime=14.16.27012=hf0eaf9b_2
      - win_inet_pton=1.1.0=py36_0
      - wincertstore=0.2=py36h7fe50ca_0
      - winpty=0.4.3=4
      - xz=5.2.5=h62dcd97_0
      - yaml=0.1.7=hc54c509_2
      - zeromq=4.3.1=h33f27b4_3
      - zlib=1.2.11=h62dcd97_4
      - zstd=1.3.7=h508b16e_0
