# This is an Anaconda project lock file.
# The lock file locks down exact versions of all your dependencies.
#
# In most cases, this file is automatically maintained by the `anaconda-project` command or GUI tools.
# It's best to keep this file in revision control (such as git or svn).
# The file is in YAML format, please see http://www.yaml.org/start.html for more.
#

#
# Set to false to ignore locked versions.
#
locking_enabled: true

#
# A key goes in here for each env spec.
#
env_specs:
  default:
    locked: true
    env_spec_hash: d20abdbbbf4581093e7c67dc89217981bd88f793
    platforms:
    - linux-64
    - osx-64
    - osx-arm64
    - win-64
    packages:
      all:
      - argon2-cffi=21.3.0=pyhd3eb1b0_0
      - asttokens=2.0.5=pyhd3eb1b0_0
      - bleach=4.1.0=pyhd3eb1b0_0
      - charset-normalizer=2.0.4=pyhd3eb1b0_0
      - click-plugins=1.1.1=pyhd3eb1b0_0
      - cligj=0.7.2=pyhd3eb1b0_0
      - cycler=0.11.0=pyhd3eb1b0_0
      - decorator=5.1.1=pyhd3eb1b0_0
      - defusedxml=0.7.1=pyhd3eb1b0_0
      - executing=0.8.3=pyhd3eb1b0_0
      - fonttools=4.25.0=pyhd3eb1b0_0
      - heapdict=1.0.1=pyhd3eb1b0_0
      - json5=0.9.6=pyhd3eb1b0_0
      - jupyterlab_pygments=0.1.2=py_0
      - munkres=1.1.4=py_0
      - pandocfilters=1.5.0=pyhd3eb1b0_0
      - parso=0.8.3=pyhd3eb1b0_0
      - prompt_toolkit=3.0.43=hd3eb1b0_0
      - pure_eval=0.2.2=pyhd3eb1b0_0
      - pycparser=2.21=pyhd3eb1b0_0
      - python-dateutil=2.8.2=pyhd3eb1b0_0
      - python-tzdata=2023.3=pyhd3eb1b0_0
      - six=1.16.0=pyhd3eb1b0_1
      - sortedcontainers=2.4.0=pyhd3eb1b0_0
      - stack_data=0.2.0=pyhd3eb1b0_0
      - tblib=1.7.0=pyhd3eb1b0_0
      - threadpoolctl=2.2.0=pyh0d69192_0
      - tzdata=2024a=h04d1e81_0
      - wcwidth=0.2.5=pyhd3eb1b0_0
      unix:
      - pexpect=4.8.0=pyhd3eb1b0_3
      - ptyprocess=0.7.0=pyhd3eb1b0_2
      osx:
      - blas=1.0=openblas
      linux-64:
      - _libgcc_mutex=0.1=main
      - _openmp_mutex=5.1=1_gnu
      - abseil-cpp=20211102.0=hd4dd3e8_0
      - anyio=4.2.0=py311h06a4308_0
      - argon2-cffi-bindings=21.2.0=py311h5eee18b_0
      - arrow-cpp=14.0.2=h374c478_1
      - async-lru=2.0.4=py311h06a4308_0
      - attrs=23.1.0=py311h06a4308_0
      - aws-c-auth=0.6.19=h5eee18b_0
      - aws-c-cal=0.5.20=hdbd6064_0
      - aws-c-common=0.8.5=h5eee18b_0
      - aws-c-compression=0.2.16=h5eee18b_0
      - aws-c-event-stream=0.2.15=h6a678d5_0
      - aws-c-http=0.6.25=h5eee18b_0
      - aws-c-io=0.13.10=h5eee18b_0
      - aws-c-mqtt=0.7.13=h5eee18b_0
      - aws-c-s3=0.1.51=hdbd6064_0
      - aws-c-sdkutils=0.1.6=h5eee18b_0
      - aws-checksums=0.1.13=h5eee18b_0
      - aws-crt-cpp=0.18.16=h6a678d5_0
      - aws-sdk-cpp=1.10.55=h721c034_0
      - babel=2.11.0=py311h06a4308_0
      - beautifulsoup4=4.12.2=py311h06a4308_0
      - blas=1.0=mkl
      - blosc=1.21.3=h6a678d5_0
      - bokeh=3.3.4=py311h92b7b1e_0
      - boost-cpp=1.82.0=hdb19cb5_2
      - bottleneck=1.3.7=py311hf4808d0_0
      - branca=0.6.0=py311h06a4308_0
      - brotli-bin=1.0.9=h5eee18b_7
      - brotli-python=1.0.9=py311h6a678d5_7
      - brotli=1.0.9=h5eee18b_7
      - bzip2=1.0.8=h5eee18b_5
      - c-ares=1.19.1=h5eee18b_0
      - ca-certificates=2023.12.12=h06a4308_0
      - cairo=1.16.0=hb05425b_5
      - cartopy=0.22.0=py311ha02d727_0
      - certifi=2024.2.2=py311h06a4308_0
      - cffi=1.16.0=py311h5eee18b_0
      - cfitsio=3.470=h5893167_7
      - cftime=1.6.2=py311hbed6279_0
      - click=8.1.7=py311h06a4308_0
      - cloudpickle=2.2.1=py311h06a4308_0
      - colorcet=3.0.1=py311h06a4308_0
      - comm=0.1.2=py311h06a4308_0
      - contourpy=1.2.0=py311hdb19cb5_0
      - cramjam=2.7.0=py311h24d97f6_0
      - cytoolz=0.12.2=py311h5eee18b_0
      - dask-core=2023.11.0=py311h06a4308_0
      - dask=2023.11.0=py311h06a4308_0
      - datashader=0.16.0=py311h06a4308_0
      - debugpy=1.6.7=py311h6a678d5_0
      - distributed=2023.11.0=py311h06a4308_0
      - expat=2.5.0=h6a678d5_0
      - fastparquet=2023.8.0=py311hf4808d0_0
      - fiona=1.9.5=py311ha02d727_0
      - folium=0.14.0=py311h06a4308_0
      - fontconfig=2.14.1=h4c34cd2_2
      - freetype=2.12.1=h4a9f257_0
      - freexl=2.0.0=hf309648_0
      - fsspec=2023.10.0=py311h06a4308_0
      - gdal=3.6.2=py311ha0db937_4
      - geopandas-base=0.14.2=py311h06a4308_0
      - geopandas=0.14.2=py311h06a4308_0
      - geos=3.8.0=he6710b0_0
      - geotiff=1.7.0=h2a26cda_3
      - geoviews-core=1.11.1=py311h06a4308_0
      - geoviews=1.11.1=py311h06a4308_0
      - gflags=2.2.2=h6a678d5_1
      - giflib=5.2.1=h5eee18b_3
      - glib-tools=2.78.4=h6a678d5_0
      - glib=2.78.4=h6a678d5_0
      - glog=0.5.0=h6a678d5_1
      - grpc-cpp=1.48.2=he1ff14a_1
      - hdf4=4.2.13=h3ca952b_2
      - hdf5=1.12.1=h2b7332f_3
      - holoviews=1.18.3=py311h06a4308_0
      - hvplot=0.9.2=py311h06a4308_0
      - icu=73.1=h6a678d5_0
      - idna=3.4=py311h06a4308_0
      - importlib-metadata=7.0.1=py311h06a4308_0
      - intel-openmp=2023.1.0=hdb19cb5_46306
      - ipykernel=6.28.0=py311h06a4308_0
      - ipython=8.20.0=py311h06a4308_0
      - jedi=0.18.1=py311h06a4308_1
      - jinja2=3.1.3=py311h06a4308_0
      - joblib=1.2.0=py311h06a4308_0
      - jpeg=9e=h5eee18b_1
      - json-c=0.16=h5eee18b_0
      - jsonschema-specifications=2023.7.1=py311h06a4308_0
      - jsonschema=4.19.2=py311h06a4308_0
      - jupyter-lsp=2.2.0=py311h06a4308_0
      - jupyter_client=8.6.0=py311h06a4308_0
      - jupyter_core=5.5.0=py311h06a4308_0
      - jupyter_events=0.8.0=py311h06a4308_0
      - jupyter_server=2.10.0=py311h06a4308_0
      - jupyter_server_terminals=0.4.4=py311h06a4308_1
      - jupyterlab=4.0.11=py311h06a4308_0
      - jupyterlab_server=2.25.1=py311h06a4308_0
      - kealib=1.5.0=hd940352_1
      - kiwisolver=1.4.4=py311h6a678d5_0
      - krb5=1.20.1=h143b758_1
      - lcms2=2.12=h3be6417_0
      - ld_impl_linux-64=2.38=h1181459_1
      - lerc=3.0=h295c915_0
      - libboost=1.82.0=h109eef0_2
      - libbrotlicommon=1.0.9=h5eee18b_7
      - libbrotlidec=1.0.9=h5eee18b_7
      - libbrotlienc=1.0.9=h5eee18b_7
      - libcurl=8.5.0=h251f7ec_0
      - libdeflate=1.17=h5eee18b_1
      - libedit=3.1.20230828=h5eee18b_0
      - libev=4.33=h7f8727e_1
      - libevent=2.1.12=hdbd6064_1
      - libffi=3.4.4=h6a678d5_0
      - libgcc-ng=11.2.0=h1234567_1
      - libgdal=3.6.2=heb138ec_4
      - libgfortran-ng=11.2.0=h00389a5_1
      - libgfortran5=11.2.0=h1234567_1
      - libglib=2.78.4=hdc74915_0
      - libgomp=11.2.0=h1234567_1
      - libiconv=1.16=h7f8727e_2
      - libkml=1.3.0=h096b73e_7
      - libllvm14=14.0.6=hdb19cb5_3
      - libnetcdf=4.8.1=h14805e7_4
      - libnghttp2=1.57.0=h2d74bed_0
      - libpng=1.6.39=h5eee18b_0
      - libpq=12.17=hdbd6064_0
      - libprotobuf=3.20.3=he621ea3_0
      - libsodium=1.0.18=h7b6447c_0
      - libspatialindex=1.9.3=h2531618_0
      - libspatialite=5.1.0=h01e95a1_0
      - libssh2=1.10.0=hdbd6064_2
      - libstdcxx-ng=11.2.0=h1234567_1
      - libthrift=0.15.0=h1795dd8_2
      - libtiff=4.5.1=h6a678d5_0
      - libuuid=1.41.5=h5eee18b_0
      - libwebp-base=1.3.2=h5eee18b_0
      - libxcb=1.15=h7f8727e_0
      - libxml2=2.10.4=hf1b16e4_1
      - libzip=1.8.0=h6ac8c49_1
      - linkify-it-py=2.0.0=py311h06a4308_0
      - llvmlite=0.42.0=py311h6a678d5_0
      - locket=1.0.0=py311h06a4308_0
      - lz4-c=1.9.4=h6a678d5_0
      - lz4=4.3.2=py311h5eee18b_0
      - mapclassify=2.5.0=py311h06a4308_0
      - markdown-it-py=2.2.0=py311h06a4308_1
      - markdown=3.4.1=py311h06a4308_0
      - markupsafe=2.1.3=py311h5eee18b_0
      - matplotlib-base=3.8.0=py311ha02d727_0
      - matplotlib-inline=0.1.6=py311h06a4308_0
      - mdit-py-plugins=0.3.0=py311h06a4308_0
      - mdurl=0.1.0=py311h06a4308_0
      - minizip=4.0.3=hf59b114_0
      - mistune=2.0.4=py311h06a4308_0
      - mkl-service=2.4.0=py311h5eee18b_1
      - mkl=2023.1.0=h213fc3f_46344
      - mkl_fft=1.3.8=py311h5eee18b_0
      - mkl_random=1.2.4=py311hdb19cb5_0
      - msgpack-python=1.0.3=py311hdb19cb5_0
      - multipledispatch=0.6.0=py311h06a4308_0
      - nbclient=0.8.0=py311h06a4308_0
      - nbconvert=7.10.0=py311h06a4308_0
      - nbformat=5.9.2=py311h06a4308_0
      - ncurses=6.4=h6a678d5_0
      - nest-asyncio=1.6.0=py311h06a4308_0
      - netcdf4=1.6.2=py311h0e679e6_0
      - networkx=3.1=py311h06a4308_0
      - notebook-shim=0.2.3=py311h06a4308_0
      - notebook=7.0.8=py311h06a4308_0
      - nspr=4.35=h6a678d5_0
      - nss=3.89.1=h6a678d5_0
      - numba=0.59.0=py311ha02d727_0
      - numexpr=2.8.7=py311h65dcdc2_0
      - numpy-base=1.24.3=py311hf175353_1
      - numpy=1.24.3=py311h08b1b3b_1
      - openjpeg=2.4.0=h3ad879b_0
      - openssl=3.0.13=h7f8727e_0
      - orc=1.7.4=hb3bc3d3_1
      - overrides=7.4.0=py311h06a4308_0
      - packaging=23.1=py311h06a4308_0
      - pandas=2.1.4=py311ha02d727_0
      - panel=1.3.8=py311h06a4308_0
      - param=2.0.2=py311h06a4308_0
      - partd=1.4.1=py311h06a4308_0
      - pcre2=10.42=hebb0a14_0
      - pillow=10.2.0=py311h5eee18b_0
      - pip=23.3.1=py311h06a4308_0
      - pixman=0.40.0=h7f8727e_1
      - platformdirs=3.10.0=py311h06a4308_0
      - pooch=1.7.0=py311h06a4308_0
      - poppler-data=0.4.11=h06a4308_1
      - poppler=22.12.0=h9614445_3
      - proj=9.3.1=he5811b7_0
      - prometheus_client=0.14.1=py311h06a4308_0
      - prompt-toolkit=3.0.43=py311h06a4308_0
      - psutil=5.9.0=py311h5eee18b_0
      - pyarrow=14.0.2=py311hb6e97c4_0
      - pyct=0.5.0=py311h06a4308_0
      - pygments=2.15.1=py311h06a4308_1
      - pyparsing=3.0.9=py311h06a4308_0
      - pyproj=3.6.1=py311h76fdc58_0
      - pyshp=2.3.1=py311h06a4308_0
      - pysocks=1.7.1=py311h06a4308_0
      - python-fastjsonschema=2.16.2=py311h06a4308_0
      - python-json-logger=2.0.7=py311h06a4308_0
      - python-lmdb=1.4.1=py311h6a678d5_0
      - python-snappy=0.6.1=py311h6a678d5_0
      - python=3.11.8=h955ad1f_0
      - pytz=2023.3.post1=py311h06a4308_0
      - pyviz_comms=3.0.0=py311h06a4308_0
      - pyyaml=6.0.1=py311h5eee18b_0
      - pyzmq=25.1.2=py311h6a678d5_0
      - qhull=2020.2=hdb19cb5_2
      - re2=2022.04.01=h295c915_0
      - readline=8.2=h5eee18b_0
      - referencing=0.30.2=py311h06a4308_0
      - requests=2.31.0=py311h06a4308_1
      - rfc3339-validator=0.1.4=py311h06a4308_0
      - rfc3986-validator=0.1.1=py311h06a4308_0
      - rpds-py=0.10.6=py311hb02cf49_0
      - rtree=1.0.1=py311h06a4308_0
      - s2n=1.3.27=hdbd6064_0
      - scikit-learn=1.3.0=py311ha02d727_1
      - scipy=1.11.4=py311h08b1b3b_0
      - send2trash=1.8.2=py311h06a4308_0
      - setuptools=68.2.2=py311h06a4308_0
      - shapely=2.0.1=py311h24a2a10_0
      - snappy=1.1.10=h6a678d5_1
      - sniffio=1.3.0=py311h06a4308_0
      - soupsieve=2.5=py311h06a4308_0
      - sqlite=3.41.2=h5eee18b_0
      - tbb=2021.8.0=hdb19cb5_0
      - terminado=0.17.1=py311h06a4308_0
      - tiledb=2.3.3=h77177df_3
      - tinycss2=1.2.1=py311h06a4308_0
      - tk=8.6.12=h1ccaba5_0
      - toolz=0.12.0=py311h06a4308_0
      - tornado=6.3.3=py311h5eee18b_0
      - tqdm=4.65.0=py311h92b7b1e_0
      - traitlets=5.7.1=py311h06a4308_0
      - typing-extensions=4.9.0=py311h06a4308_1
      - typing_extensions=4.9.0=py311h06a4308_1
      - uc-micro-py=1.0.1=py311h06a4308_0
      - uriparser=0.9.7=h5eee18b_0
      - urllib3=2.1.0=py311h06a4308_1
      - utf8proc=2.6.1=h5eee18b_1
      - webencodings=0.5.1=py311h06a4308_1
      - websocket-client=0.58.0=py311h06a4308_4
      - wheel=0.41.2=py311h06a4308_0
      - xarray=2023.6.0=py311h06a4308_0
      - xerces-c=3.2.4=h6a678d5_1
      - xyzservices=2022.9.0=py311h06a4308_1
      - xz=5.4.6=h5eee18b_0
      - yaml=0.2.5=h7b6447c_0
      - zeromq=4.3.5=h6a678d5_0
      - zict=3.0.0=py311h06a4308_0
      - zipp=3.17.0=py311h06a4308_0
      - zlib=1.2.13=h5eee18b_0
      - zstd=1.5.5=hc292b87_0
      osx-64:
      - abseil-cpp=20230802.0=h61975a4_2
      - anyio=4.2.0=py311hecd8cb5_0
      - appnope=0.1.2=py311hecd8cb5_1001
      - argon2-cffi-bindings=21.2.0=py311h6c40b1e_0
      - arrow-cpp=14.0.2=h3ade35f_1
      - async-lru=2.0.4=py311hecd8cb5_0
      - attrs=23.1.0=py311hecd8cb5_0
      - aws-c-auth=0.6.19=h6c40b1e_0
      - aws-c-cal=0.5.20=h3333b6a_0
      - aws-c-common=0.8.5=h6c40b1e_0
      - aws-c-compression=0.2.16=h6c40b1e_0
      - aws-c-event-stream=0.2.15=hcec6c5f_0
      - aws-c-http=0.6.25=h6c40b1e_0
      - aws-c-io=0.13.10=h6c40b1e_0
      - aws-c-mqtt=0.7.13=h6c40b1e_0
      - aws-c-s3=0.1.51=h6c40b1e_0
      - aws-c-sdkutils=0.1.6=h6c40b1e_0
      - aws-checksums=0.1.13=h6c40b1e_0
      - aws-crt-cpp=0.18.16=hcec6c5f_0
      - aws-sdk-cpp=1.10.55=h61975a4_0
      - babel=2.11.0=py311hecd8cb5_0
      - beautifulsoup4=4.12.2=py311hecd8cb5_0
      - blosc=1.21.3=hcec6c5f_0
      - bokeh=3.3.4=py311h85bffb1_0
      - boost-cpp=1.82.0=ha357a0b_2
      - bottleneck=1.3.7=py311hb3a5e46_0
      - branca=0.6.0=py311hecd8cb5_0
      - brotli-bin=1.0.9=hca72f7f_7
      - brotli-python=1.0.9=py311hcec6c5f_7
      - brotli=1.0.9=hca72f7f_7
      - bzip2=1.0.8=h6c40b1e_5
      - c-ares=1.19.1=h6c40b1e_0
      - ca-certificates=2023.12.12=hecd8cb5_0
      - cairo=1.16.0=h3ce6f7e_5
      - cartopy=0.22.0=py311hdb55bb0_0
      - certifi=2024.2.2=py311hecd8cb5_0
      - cffi=1.16.0=py311h6c40b1e_0
      - cfitsio=3.470=hbd21bf8_7
      - cftime=1.6.2=py311hb9e55a9_0
      - click=8.1.7=py311hecd8cb5_0
      - cloudpickle=2.2.1=py311hecd8cb5_0
      - colorcet=3.0.1=py311hecd8cb5_0
      - comm=0.1.2=py311hecd8cb5_0
      - contourpy=1.2.0=py311ha357a0b_0
      - cramjam=2.7.0=py311h9c86198_0
      - cytoolz=0.12.2=py311h6c40b1e_0
      - dask-core=2023.11.0=py311hecd8cb5_0
      - dask=2023.11.0=py311hecd8cb5_0
      - datashader=0.16.0=py311hecd8cb5_0
      - debugpy=1.6.7=py311hcec6c5f_0
      - distributed=2023.11.0=py311hecd8cb5_0
      - expat=2.5.0=hcec6c5f_0
      - fastparquet=2023.8.0=py311hb3a5e46_0
      - fiona=1.9.5=py311hdb55bb0_0
      - folium=0.14.0=py311hecd8cb5_0
      - fontconfig=2.14.1=hb0a0c50_2
      - freetype=2.12.1=hd8bbffd_0
      - freexl=2.0.0=hce1ea5d_0
      - fsspec=2023.10.0=py311hecd8cb5_0
      - gdal=3.6.2=py311he4f215e_4
      - geopandas-base=0.14.2=py311hecd8cb5_0
      - geopandas=0.14.2=py311hecd8cb5_0
      - geos=3.8.0=hb1e8313_0
      - geotiff=1.7.0=hf6ff7a4_3
      - geoviews-core=1.11.1=py311hecd8cb5_0
      - geoviews=1.11.1=py311hecd8cb5_0
      - gettext=0.21.0=he85b6c0_1
      - gflags=2.2.2=hcec6c5f_1
      - giflib=5.2.1=h6c40b1e_3
      - glib-tools=2.78.4=hcec6c5f_0
      - glib=2.78.4=hcec6c5f_0
      - glog=0.5.0=hcec6c5f_1
      - grpc-cpp=1.48.2=hbe2b35a_4
      - gtest=1.14.0=ha357a0b_0
      - hdf4=4.2.13=h39711bb_2
      - hdf5=1.12.1=ha01d115_3
      - holoviews=1.18.3=py311hecd8cb5_0
      - hvplot=0.9.2=py311hecd8cb5_0
      - icu=73.1=hcec6c5f_0
      - idna=3.4=py311hecd8cb5_0
      - importlib-metadata=7.0.1=py311hecd8cb5_0
      - ipykernel=6.28.0=py311hecd8cb5_0
      - ipython=8.20.0=py311hecd8cb5_0
      - jedi=0.18.1=py311hecd8cb5_1
      - jinja2=3.1.3=py311hecd8cb5_0
      - joblib=1.2.0=py311hecd8cb5_0
      - jpeg=9e=h6c40b1e_1
      - json-c=0.16=hca72f7f_0
      - jsonschema-specifications=2023.7.1=py311hecd8cb5_0
      - jsonschema=4.19.2=py311hecd8cb5_0
      - jupyter-lsp=2.2.0=py311hecd8cb5_0
      - jupyter_client=8.6.0=py311hecd8cb5_0
      - jupyter_core=5.5.0=py311hecd8cb5_0
      - jupyter_events=0.8.0=py311hecd8cb5_0
      - jupyter_server=2.10.0=py311hecd8cb5_0
      - jupyter_server_terminals=0.4.4=py311hecd8cb5_1
      - jupyterlab=4.0.11=py311hecd8cb5_0
      - jupyterlab_server=2.25.1=py311hecd8cb5_0
      - kealib=1.5.0=h72c422f_1
      - kiwisolver=1.4.4=py311hcec6c5f_0
      - krb5=1.20.1=h428f121_1
      - lcms2=2.12=hf1fd2bf_0
      - lerc=3.0=he9d5cce_0
      - libboost=1.82.0=hf53b9f2_2
      - libbrotlicommon=1.0.9=hca72f7f_7
      - libbrotlidec=1.0.9=hca72f7f_7
      - libbrotlienc=1.0.9=hca72f7f_7
      - libcurl=8.5.0=hf20ceda_0
      - libcxx=14.0.6=h9765a3e_0
      - libdeflate=1.17=hb664fd8_1
      - libedit=3.1.20230828=h6c40b1e_0
      - libev=4.33=h9ed2024_1
      - libevent=2.1.12=h04015c4_1
      - libffi=3.4.4=hecd8cb5_0
      - libgdal=3.6.2=h8be97c6_4
      - libgfortran5=11.3.0=h9dfd629_28
      - libgfortran=5.0.0=11_3_0_hecd8cb5_28
      - libglib=2.78.4=h19e1a8f_0
      - libiconv=1.16=hca72f7f_2
      - libkml=1.3.0=h85bf17e_7
      - libllvm14=14.0.6=h91fad77_3
      - libnetcdf=4.8.1=h9f5a9a2_4
      - libnghttp2=1.57.0=h9beae6a_0
      - libopenblas=0.3.21=h54e7dc3_0
      - libpng=1.6.39=h6c40b1e_0
      - libpq=12.17=h04015c4_0
      - libprotobuf=3.20.3=hfff2838_0
      - libsodium=1.0.18=h1de35cc_0
      - libspatialindex=1.9.3=h23ab428_0
      - libspatialite=5.1.0=h0f56581_0
      - libssh2=1.10.0=h04015c4_2
      - libthrift=0.15.0=h70b4b81_2
      - libtiff=4.5.1=hcec6c5f_0
      - libwebp-base=1.3.2=h6c40b1e_0
      - libxml2=2.10.4=h1bd7e62_1
      - libzip=1.8.0=h29ab7a1_1
      - linkify-it-py=2.0.0=py311hecd8cb5_0
      - llvm-openmp=14.0.6=h0dcd299_0
      - llvmlite=0.42.0=py311hcec6c5f_0
      - locket=1.0.0=py311hecd8cb5_0
      - lz4-c=1.9.4=hcec6c5f_0
      - lz4=4.3.2=py311h6c40b1e_0
      - mapclassify=2.5.0=py311hecd8cb5_0
      - markdown-it-py=2.2.0=py311hecd8cb5_1
      - markdown=3.4.1=py311hecd8cb5_0
      - markupsafe=2.1.3=py311h6c40b1e_0
      - matplotlib-base=3.8.0=py311h41a4f6b_0
      - matplotlib-inline=0.1.6=py311hecd8cb5_0
      - mdit-py-plugins=0.3.0=py311hecd8cb5_0
      - mdurl=0.1.0=py311hecd8cb5_0
      - minizip=4.0.3=h79ad51c_0
      - mistune=2.0.4=py311hecd8cb5_0
      - msgpack-python=1.0.3=py311ha357a0b_0
      - multipledispatch=0.6.0=py311hecd8cb5_0
      - nbclient=0.8.0=py311hecd8cb5_0
      - nbconvert=7.10.0=py311hecd8cb5_0
      - nbformat=5.9.2=py311hecd8cb5_0
      - ncurses=6.4=hcec6c5f_0
      - nest-asyncio=1.6.0=py311hecd8cb5_0
      - netcdf4=1.6.2=py311h42ba51d_0
      - networkx=3.1=py311hecd8cb5_0
      - notebook-shim=0.2.3=py311hecd8cb5_0
      - notebook=7.0.8=py311hecd8cb5_0
      - nspr=4.35=hcec6c5f_0
      - nss=3.89.1=hcec6c5f_0
      - numba=0.59.0=py311hdb55bb0_0
      - numexpr=2.8.7=py311h91b6869_0
      - numpy-base=1.24.3=py311h947b413_0
      - numpy=1.24.3=py311hd0e4f0d_0
      - openjpeg=2.4.0=h66ea3da_0
      - openssl=3.0.13=hca72f7f_0
      - orc=1.7.4=h995b336_1
      - overrides=7.4.0=py311hecd8cb5_0
      - packaging=23.1=py311hecd8cb5_0
      - pandas=2.1.4=py311hdb55bb0_0
      - panel=1.3.8=py311hecd8cb5_0
      - param=2.0.2=py311hecd8cb5_0
      - partd=1.4.1=py311hecd8cb5_0
      - pcre2=10.42=h9b97e30_0
      - pillow=10.2.0=py311h6c40b1e_0
      - pip=23.3.1=py311hecd8cb5_0
      - pixman=0.40.0=h9ed2024_1
      - platformdirs=3.10.0=py311hecd8cb5_0
      - pooch=1.7.0=py311hecd8cb5_0
      - poppler-data=0.4.11=hecd8cb5_1
      - poppler=22.12.0=ha8a1649_3
      - proj=9.3.1=h1972728_0
      - prometheus_client=0.14.1=py311hecd8cb5_0
      - prompt-toolkit=3.0.43=py311hecd8cb5_0
      - psutil=5.9.0=py311h6c40b1e_0
      - pyarrow=14.0.2=py311h2a249a5_0
      - pyct=0.5.0=py311hecd8cb5_0
      - pygments=2.15.1=py311hecd8cb5_1
      - pyparsing=3.0.9=py311hecd8cb5_0
      - pyproj=3.6.1=py311h717f92e_0
      - pyshp=2.3.1=py311hecd8cb5_0
      - pysocks=1.7.1=py311hecd8cb5_0
      - python-fastjsonschema=2.16.2=py311hecd8cb5_0
      - python-json-logger=2.0.7=py311hecd8cb5_0
      - python-lmdb=1.4.1=py311hcec6c5f_0
      - python-snappy=0.6.1=py311hcec6c5f_0
      - python=3.11.8=hf27a42d_0
      - pytz=2023.3.post1=py311hecd8cb5_0
      - pyviz_comms=3.0.0=py311hecd8cb5_0
      - pyyaml=6.0.1=py311h6c40b1e_0
      - pyzmq=25.1.2=py311hcec6c5f_0
      - qhull=2020.2=ha357a0b_2
      - re2=2022.04.01=he9d5cce_0
      - readline=8.2=hca72f7f_0
      - referencing=0.30.2=py311hecd8cb5_0
      - requests=2.31.0=py311hecd8cb5_1
      - rfc3339-validator=0.1.4=py311hecd8cb5_0
      - rfc3986-validator=0.1.1=py311hecd8cb5_0
      - rpds-py=0.10.6=py311hf2ad997_0
      - rtree=1.0.1=py311hecd8cb5_0
      - scikit-learn=1.3.0=py311hdb55bb0_1
      - scipy=1.11.4=py311h7695dc5_0
      - send2trash=1.8.2=py311hecd8cb5_0
      - setuptools=68.2.2=py311hecd8cb5_0
      - shapely=2.0.1=py311ha6175ea_0
      - snappy=1.1.10=hcec6c5f_1
      - sniffio=1.3.0=py311hecd8cb5_0
      - soupsieve=2.5=py311hecd8cb5_0
      - sqlite=3.41.2=h6c40b1e_0
      - tbb=2021.8.0=ha357a0b_0
      - terminado=0.17.1=py311hecd8cb5_0
      - tiledb=2.3.3=h1b93210_3
      - tinycss2=1.2.1=py311hecd8cb5_0
      - tk=8.6.12=h5d9f67b_0
      - toolz=0.12.0=py311hecd8cb5_0
      - tornado=6.3.3=py311h6c40b1e_0
      - tqdm=4.65.0=py311h85bffb1_0
      - traitlets=5.7.1=py311hecd8cb5_0
      - typing-extensions=4.9.0=py311hecd8cb5_1
      - typing_extensions=4.9.0=py311hecd8cb5_1
      - uc-micro-py=1.0.1=py311hecd8cb5_0
      - uriparser=0.9.7=h6c40b1e_0
      - urllib3=2.1.0=py311hecd8cb5_1
      - utf8proc=2.6.1=h6c40b1e_1
      - webencodings=0.5.1=py311hecd8cb5_1
      - websocket-client=0.58.0=py311hecd8cb5_4
      - wheel=0.41.2=py311hecd8cb5_0
      - xarray=2023.6.0=py311hecd8cb5_0
      - xerces-c=3.2.4=hcec6c5f_1
      - xyzservices=2022.9.0=py311hecd8cb5_1
      - xz=5.4.6=h6c40b1e_0
      - yaml=0.2.5=haf1e3a3_0
      - zeromq=4.3.5=hcec6c5f_0
      - zict=3.0.0=py311hecd8cb5_0
      - zipp=3.17.0=py311hecd8cb5_0
      - zlib=1.2.13=h4dc903c_0
      - zstd=1.5.5=hc035e20_0
      osx-arm64:
      - abseil-cpp=20230802.0=h313beb8_2
      - anyio=4.2.0=py311hca03da5_0
      - appnope=0.1.2=py311hca03da5_1001
      - argon2-cffi-bindings=21.2.0=py311h80987f9_0
      - arrow-cpp=14.0.2=hc7aafb3_1
      - async-lru=2.0.4=py311hca03da5_0
      - attrs=23.1.0=py311hca03da5_0
      - aws-c-auth=0.6.19=h80987f9_0
      - aws-c-cal=0.5.20=h80987f9_0
      - aws-c-common=0.8.5=h80987f9_0
      - aws-c-compression=0.2.16=h80987f9_0
      - aws-c-event-stream=0.2.15=h313beb8_0
      - aws-c-http=0.6.25=h80987f9_0
      - aws-c-io=0.13.10=h80987f9_0
      - aws-c-mqtt=0.7.13=h80987f9_0
      - aws-c-s3=0.1.51=h80987f9_0
      - aws-c-sdkutils=0.1.6=h80987f9_0
      - aws-checksums=0.1.13=h80987f9_0
      - aws-crt-cpp=0.18.16=h313beb8_0
      - aws-sdk-cpp=1.10.55=h313beb8_0
      - babel=2.11.0=py311hca03da5_0
      - beautifulsoup4=4.12.2=py311hca03da5_0
      - blosc=1.21.3=h313beb8_0
      - bokeh=3.3.4=py311hb6e6a13_0
      - boost-cpp=1.82.0=h48ca7d4_2
      - bottleneck=1.3.7=py311hb9f6ed7_0
      - branca=0.6.0=py311hca03da5_0
      - brotli-bin=1.0.9=h1a28f6b_7
      - brotli-python=1.0.9=py311h313beb8_7
      - brotli=1.0.9=h1a28f6b_7
      - bzip2=1.0.8=h80987f9_5
      - c-ares=1.19.1=h80987f9_0
      - ca-certificates=2023.12.12=hca03da5_0
      - cairo=1.16.0=h302bd0f_5
      - cartopy=0.22.0=py311h7aedaa7_0
      - certifi=2024.2.2=py311hca03da5_0
      - cffi=1.16.0=py311h80987f9_0
      - cfitsio=3.470=h7f6438f_7
      - cftime=1.6.2=py311ha0d4635_0
      - click=8.1.7=py311hca03da5_0
      - cloudpickle=2.2.1=py311hca03da5_0
      - colorcet=3.0.1=py311hca03da5_0
      - comm=0.1.2=py311hca03da5_0
      - contourpy=1.2.0=py311h48ca7d4_0
      - cramjam=2.7.0=py311h62f922a_0
      - cytoolz=0.12.2=py311h80987f9_0
      - dask-core=2023.11.0=py311hca03da5_0
      - dask=2023.11.0=py311hca03da5_0
      - datashader=0.16.0=py311hca03da5_0
      - debugpy=1.6.7=py311h313beb8_0
      - distributed=2023.11.0=py311hca03da5_0
      - expat=2.5.0=h313beb8_0
      - fastparquet=2023.8.0=py311hb9f6ed7_0
      - fiona=1.9.5=py311h7aedaa7_0
      - folium=0.14.0=py311hca03da5_0
      - fontconfig=2.14.1=hee714a5_2
      - freetype=2.12.1=h1192e45_0
      - freexl=2.0.0=ha3de405_0
      - fsspec=2023.10.0=py311hca03da5_0
      - gdal=3.6.2=py311h950983f_4
      - geopandas-base=0.14.2=py311hca03da5_0
      - geopandas=0.14.2=py311hca03da5_0
      - geos=3.9.1=hc377ac9_1
      - geotiff=1.7.0=h41f0982_3
      - geoviews-core=1.11.1=py311hca03da5_0
      - geoviews=1.11.1=py311hca03da5_0
      - gettext=0.21.0=h13f89a0_1
      - gflags=2.2.2=h313beb8_1
      - giflib=5.2.1=h80987f9_3
      - glib-tools=2.78.4=h313beb8_0
      - glib=2.78.4=h313beb8_0
      - glog=0.5.0=h313beb8_1
      - grpc-cpp=1.48.2=hc60591f_4
      - gtest=1.14.0=h48ca7d4_0
      - hdf4=4.2.13=h5e329fb_3
      - hdf5=1.12.1=h05c076b_3
      - holoviews=1.18.3=py311hca03da5_0
      - hvplot=0.9.2=py311hca03da5_0
      - icu=73.1=h313beb8_0
      - idna=3.4=py311hca03da5_0
      - importlib-metadata=7.0.1=py311hca03da5_0
      - ipykernel=6.28.0=py311hca03da5_0
      - ipython=8.20.0=py311hca03da5_0
      - jedi=0.18.1=py311hca03da5_1
      - jinja2=3.1.3=py311hca03da5_0
      - joblib=1.2.0=py311hca03da5_0
      - jpeg=9e=h80987f9_1
      - json-c=0.16=h1a28f6b_0
      - jsonschema-specifications=2023.7.1=py311hca03da5_0
      - jsonschema=4.19.2=py311hca03da5_0
      - jupyter-lsp=2.2.0=py311hca03da5_0
      - jupyter_client=8.6.0=py311hca03da5_0
      - jupyter_core=5.5.0=py311hca03da5_0
      - jupyter_events=0.8.0=py311hca03da5_0
      - jupyter_server=2.10.0=py311hca03da5_0
      - jupyter_server_terminals=0.4.4=py311hca03da5_1
      - jupyterlab=4.0.11=py311hca03da5_0
      - jupyterlab_server=2.25.1=py311hca03da5_0
      - kealib=1.5.0=hba2eb73_1
      - kiwisolver=1.4.4=py311h313beb8_0
      - krb5=1.20.1=hf3e1bf2_1
      - lcms2=2.12=hba8e193_0
      - lerc=3.0=hc377ac9_0
      - libboost=1.82.0=h0bc93f9_2
      - libbrotlicommon=1.0.9=h1a28f6b_7
      - libbrotlidec=1.0.9=h1a28f6b_7
      - libbrotlienc=1.0.9=h1a28f6b_7
      - libcurl=8.5.0=h3e2b118_0
      - libcxx=14.0.6=h848a8c0_0
      - libdeflate=1.17=h80987f9_1
      - libedit=3.1.20230828=h80987f9_0
      - libev=4.33=h1a28f6b_1
      - libevent=2.1.12=h02f6b3c_1
      - libffi=3.4.4=hca03da5_0
      - libgdal=3.6.2=h0413ea8_4
      - libgfortran5=11.3.0=h009349e_28
      - libgfortran=5.0.0=11_3_0_hca03da5_28
      - libglib=2.78.4=h0a96307_0
      - libiconv=1.16=h1a28f6b_2
      - libkml=1.3.0=hc4d7c42_7
      - libllvm14=14.0.6=h7ec7a93_3
      - libnetcdf=4.8.1=h0fce390_4
      - libnghttp2=1.57.0=h62f6fdd_0
      - libopenblas=0.3.21=h269037a_0
      - libpng=1.6.39=h80987f9_0
      - libpq=12.17=h02f6b3c_0
      - libprotobuf=3.20.3=h514c7bf_0
      - libsodium=1.0.18=h1a28f6b_0
      - libspatialindex=1.9.3=hc377ac9_0
      - libspatialite=5.1.0=h87e580a_0
      - libssh2=1.10.0=h02f6b3c_2
      - libthrift=0.15.0=h73c2103_2
      - libtiff=4.5.1=h313beb8_0
      - libwebp-base=1.3.2=h80987f9_0
      - libxml2=2.10.4=h0dcf63f_1
      - libzip=1.8.0=h62fee54_1
      - linkify-it-py=2.0.0=py311hca03da5_0
      - llvm-openmp=14.0.6=hc6e5704_0
      - llvmlite=0.42.0=py311h313beb8_0
      - locket=1.0.0=py311hca03da5_0
      - lz4-c=1.9.4=h313beb8_0
      - lz4=4.3.2=py311h80987f9_0
      - mapclassify=2.5.0=py311hca03da5_0
      - markdown-it-py=2.2.0=py311hca03da5_1
      - markdown=3.4.1=py311hca03da5_0
      - markupsafe=2.1.3=py311h80987f9_0
      - matplotlib-base=3.8.0=py311h7aedaa7_0
      - matplotlib-inline=0.1.6=py311hca03da5_0
      - mdit-py-plugins=0.3.0=py311hca03da5_0
      - mdurl=0.1.0=py311hca03da5_0
      - minizip=4.0.3=ha89c15f_0
      - mistune=2.0.4=py311hca03da5_0
      - msgpack-python=1.0.3=py311h48ca7d4_0
      - multipledispatch=0.6.0=py311hca03da5_0
      - nbclient=0.8.0=py311hca03da5_0
      - nbconvert=7.10.0=py311hca03da5_0
      - nbformat=5.9.2=py311hca03da5_0
      - ncurses=6.4=h313beb8_0
      - nest-asyncio=1.6.0=py311hca03da5_0
      - netcdf4=1.6.2=py311h55fefbe_0
      - networkx=3.1=py311hca03da5_0
      - notebook-shim=0.2.3=py311hca03da5_0
      - notebook=7.0.8=py311hca03da5_0
      - nspr=4.35=h313beb8_0
      - nss=3.89.1=h313beb8_0
      - numba=0.59.0=py311h7aedaa7_0
      - numexpr=2.8.7=py311h6dc990b_0
      - numpy-base=1.26.4=py311hfbfe69c_0
      - numpy=1.26.4=py311he598dae_0
      - openjpeg=2.3.0=h7a6adac_2
      - openssl=3.0.13=h1a28f6b_0
      - orc=1.7.4=hdca1487_1
      - overrides=7.4.0=py311hca03da5_0
      - packaging=23.1=py311hca03da5_0
      - pandas=2.1.4=py311h7aedaa7_0
      - panel=1.3.8=py311hca03da5_0
      - param=2.0.2=py311hca03da5_0
      - partd=1.4.1=py311hca03da5_0
      - pcre2=10.42=hb066dcc_0
      - pillow=10.2.0=py311h80987f9_0
      - pip=23.3.1=py311hca03da5_0
      - pixman=0.40.0=h1a28f6b_0
      - platformdirs=3.10.0=py311hca03da5_0
      - pooch=1.7.0=py311hca03da5_0
      - poppler-data=0.4.11=hca03da5_1
      - poppler=22.12.0=h52f4003_3
      - proj=9.3.1=h805f6d4_0
      - prometheus_client=0.14.1=py311hca03da5_0
      - prompt-toolkit=3.0.43=py311hca03da5_0
      - psutil=5.9.0=py311h80987f9_0
      - pyarrow=14.0.2=py311ha07b5f9_0
      - pyct=0.5.0=py311hca03da5_0
      - pygments=2.15.1=py311hca03da5_1
      - pyparsing=3.0.9=py311hca03da5_0
      - pyproj=3.6.1=py311h041c639_0
      - pyshp=2.3.1=py311hca03da5_0
      - pysocks=1.7.1=py311hca03da5_0
      - python-fastjsonschema=2.16.2=py311hca03da5_0
      - python-json-logger=2.0.7=py311hca03da5_0
      - python-lmdb=1.4.1=py311h313beb8_0
      - python-snappy=0.6.1=py311h313beb8_0
      - python=3.11.8=hb885b13_0
      - pytz=2023.3.post1=py311hca03da5_0
      - pyviz_comms=3.0.0=py311hca03da5_0
      - pyyaml=6.0.1=py311h80987f9_0
      - pyzmq=25.1.2=py311h313beb8_0
      - qhull=2020.2=h48ca7d4_2
      - re2=2022.04.01=hc377ac9_0
      - readline=8.2=h1a28f6b_0
      - referencing=0.30.2=py311hca03da5_0
      - requests=2.31.0=py311hca03da5_1
      - rfc3339-validator=0.1.4=py311hca03da5_0
      - rfc3986-validator=0.1.1=py311hca03da5_0
      - rpds-py=0.10.6=py311hf0e4da2_0
      - rtree=1.0.1=py311hca03da5_0
      - scikit-learn=1.2.2=py311h313beb8_1
      - scipy=1.11.4=py311hc76d9b0_0
      - send2trash=1.8.2=py311hca03da5_0
      - setuptools=68.2.2=py311hca03da5_0
      - shapely=2.0.1=py311h3713c0e_0
      - snappy=1.1.10=h313beb8_1
      - sniffio=1.3.0=py311hca03da5_0
      - soupsieve=2.5=py311hca03da5_0
      - sqlite=3.41.2=h80987f9_0
      - tbb=2021.8.0=h48ca7d4_0
      - terminado=0.17.1=py311hca03da5_0
      - tiledb=2.3.3=hb4a6b97_3
      - tinycss2=1.2.1=py311hca03da5_0
      - tk=8.6.12=hb8d0fd4_0
      - toolz=0.12.0=py311hca03da5_0
      - tornado=6.3.3=py311h80987f9_0
      - tqdm=4.65.0=py311hb6e6a13_0
      - traitlets=5.7.1=py311hca03da5_0
      - typing-extensions=4.9.0=py311hca03da5_1
      - typing_extensions=4.9.0=py311hca03da5_1
      - uc-micro-py=1.0.1=py311hca03da5_0
      - uriparser=0.9.7=h80987f9_0
      - urllib3=2.1.0=py311hca03da5_1
      - utf8proc=2.6.1=h80987f9_1
      - webencodings=0.5.1=py311hca03da5_1
      - websocket-client=0.58.0=py311hca03da5_4
      - wheel=0.41.2=py311hca03da5_0
      - xarray=2023.6.0=py311hca03da5_0
      - xerces-c=3.2.4=h313beb8_1
      - xyzservices=2022.9.0=py311hca03da5_1
      - xz=5.4.6=h80987f9_0
      - yaml=0.2.5=h1a28f6b_0
      - zeromq=4.3.5=h313beb8_0
      - zict=3.0.0=py311hca03da5_0
      - zipp=3.17.0=py311hca03da5_0
      - zlib=1.2.13=h5a0b063_0
      - zstd=1.5.5=hd90d995_0
      win-64:
      - abseil-cpp=20211102.0=hd77b12b_0
      - anyio=4.2.0=py311haa95532_0
      - argon2-cffi-bindings=21.2.0=py311h2bbff1b_0
      - arrow-cpp=14.0.2=ha81ea56_1
      - async-lru=2.0.4=py311haa95532_0
      - attrs=23.1.0=py311haa95532_0
      - aws-c-auth=0.6.19=h2bbff1b_0
      - aws-c-cal=0.5.20=h2bbff1b_0
      - aws-c-common=0.8.5=h2bbff1b_0
      - aws-c-compression=0.2.16=h2bbff1b_0
      - aws-c-event-stream=0.2.15=hd77b12b_0
      - aws-c-http=0.6.25=h2bbff1b_0
      - aws-c-io=0.13.10=h2bbff1b_0
      - aws-c-mqtt=0.7.13=h2bbff1b_0
      - aws-c-s3=0.1.51=h2bbff1b_0
      - aws-c-sdkutils=0.1.6=h2bbff1b_0
      - aws-checksums=0.1.13=h2bbff1b_0
      - aws-crt-cpp=0.18.16=hd77b12b_0
      - aws-sdk-cpp=1.10.55=hd77b12b_0
      - babel=2.11.0=py311haa95532_0
      - beautifulsoup4=4.12.2=py311haa95532_0
      - blas=1.0=mkl
      - blosc=1.21.3=h6c2663c_0
      - bokeh=3.3.4=py311h746a85d_0
      - boost-cpp=1.82.0=h59b6b97_2
      - bottleneck=1.3.7=py311hd7041d2_0
      - branca=0.6.0=py311haa95532_0
      - brotli-bin=1.0.9=h2bbff1b_7
      - brotli-python=1.0.9=py311hd77b12b_7
      - brotli=1.0.9=h2bbff1b_7
      - bzip2=1.0.8=h2bbff1b_5
      - c-ares=1.19.1=h2bbff1b_0
      - ca-certificates=2023.12.12=haa95532_0
      - cairo=1.16.0=haedb8bc_5
      - cartopy=0.22.0=py311h786e728_0
      - certifi=2024.2.2=py311haa95532_0
      - cffi=1.16.0=py311h2bbff1b_0
      - cfitsio=3.470=h2bbff1b_7
      - cftime=1.6.2=py311h5bb9823_0
      - click=8.1.7=py311haa95532_0
      - cloudpickle=2.2.1=py311haa95532_0
      - colorama=0.4.6=py311haa95532_0
      - colorcet=3.0.1=py311haa95532_0
      - comm=0.1.2=py311haa95532_0
      - contourpy=1.2.0=py311h59b6b97_0
      - cramjam=2.7.0=py311h005caf5_0
      - cytoolz=0.12.2=py311h2bbff1b_0
      - dask-core=2023.11.0=py311haa95532_0
      - dask=2023.11.0=py311haa95532_0
      - datashader=0.16.0=py311haa95532_0
      - debugpy=1.6.7=py311hd77b12b_0
      - distributed=2023.11.0=py311haa95532_0
      - expat=2.5.0=hd77b12b_0
      - fastparquet=2023.8.0=py311hd7041d2_0
      - fiona=1.9.5=py311hf62ec03_0
      - folium=0.14.0=py311haa95532_0
      - fontconfig=2.14.1=h9c4af85_2
      - freetype=2.12.1=ha860e81_0
      - freexl=2.0.0=hd7a5696_0
      - fsspec=2023.10.0=py311haa95532_0
      - gdal=3.6.2=py311h4e7b5b2_4
      - geopandas-base=0.14.2=py311haa95532_0
      - geopandas=0.14.2=py311haa95532_0
      - geos=3.8.0=h33f27b4_0
      - geotiff=1.7.0=h4545760_3
      - geoviews-core=1.11.1=py311haa95532_0
      - geoviews=1.11.1=py311haa95532_0
      - gflags=2.2.2=hd77b12b_1
      - glib-tools=2.78.4=hd77b12b_0
      - glib=2.78.4=hd77b12b_0
      - glog=0.5.0=hd77b12b_1
      - grpc-cpp=1.48.2=hfe90ff0_1
      - hdf4=4.2.13=h712560f_2
      - hdf5=1.12.1=h51c971a_3
      - holoviews=1.18.3=py311haa95532_0
      - hvplot=0.9.2=py311haa95532_0
      - icc_rt=2022.1.0=h6049295_2
      - idna=3.4=py311haa95532_0
      - importlib-metadata=7.0.1=py311haa95532_0
      - intel-openmp=2023.1.0=h59b6b97_46320
      - ipykernel=6.28.0=py311haa95532_0
      - ipython=8.20.0=py311haa95532_0
      - jedi=0.18.1=py311haa95532_1
      - jinja2=3.1.3=py311haa95532_0
      - joblib=1.2.0=py311haa95532_0
      - jpeg=9e=h2bbff1b_1
      - jsonschema-specifications=2023.7.1=py311haa95532_0
      - jsonschema=4.19.2=py311haa95532_0
      - jupyter-lsp=2.2.0=py311haa95532_0
      - jupyter_client=8.6.0=py311haa95532_0
      - jupyter_core=5.5.0=py311haa95532_0
      - jupyter_events=0.8.0=py311haa95532_0
      - jupyter_server=2.10.0=py311haa95532_0
      - jupyter_server_terminals=0.4.4=py311haa95532_1
      - jupyterlab=4.0.11=py311haa95532_0
      - jupyterlab_server=2.25.1=py311haa95532_0
      - kealib=1.5.0=hde4a422_1
      - kiwisolver=1.4.4=py311hd77b12b_0
      - krb5=1.20.1=h5b6d351_0
      - lcms2=2.12=h83e58a3_0
      - lerc=3.0=hd77b12b_0
      - libboost=1.82.0=h3399ecb_2
      - libbrotlicommon=1.0.9=h2bbff1b_7
      - libbrotlidec=1.0.9=h2bbff1b_7
      - libbrotlienc=1.0.9=h2bbff1b_7
      - libcurl=8.5.0=h86230a5_0
      - libdeflate=1.17=h2bbff1b_1
      - libevent=2.1.12=h56d1f94_1
      - libffi=3.4.4=hd77b12b_0
      - libgdal=3.6.2=h9a21643_4
      - libglib=2.78.4=ha17d25a_0
      - libiconv=1.16=h2bbff1b_2
      - libkml=1.3.0=h63940dd_7
      - libnetcdf=4.8.1=h6685c40_4
      - libpng=1.6.39=h8cc25b3_0
      - libpq=12.17=h906ac69_0
      - libprotobuf=3.20.3=h23ce68f_0
      - libsodium=1.0.18=h62dcd97_0
      - libspatialindex=1.9.3=h6c2663c_0
      - libspatialite=5.1.0=hbdd3232_0
      - libssh2=1.10.0=he2ea4bf_2
      - libthrift=0.15.0=h4364b78_2
      - libtiff=4.5.1=hd77b12b_0
      - libwebp-base=1.3.2=h2bbff1b_0
      - libxml2=2.10.4=h0ad7f3c_1
      - libzip=1.8.0=h289538f_1
      - linkify-it-py=2.0.0=py311haa95532_0
      - llvmlite=0.42.0=py311hf2fb9eb_0
      - locket=1.0.0=py311haa95532_0
      - lz4-c=1.9.4=h2bbff1b_0
      - lz4=4.3.2=py311h2bbff1b_0
      - m2w64-gcc-libgfortran=5.3.0=6
      - m2w64-gcc-libs-core=5.3.0=7
      - m2w64-gcc-libs=5.3.0=7
      - m2w64-gmp=6.1.0=2
      - m2w64-libwinpthread-git=5.0.0.4634.697f757=2
      - mapclassify=2.5.0=py311haa95532_0
      - markdown-it-py=2.2.0=py311haa95532_1
      - markdown=3.4.1=py311haa95532_0
      - markupsafe=2.1.3=py311h2bbff1b_0
      - matplotlib-base=3.8.0=py311hf62ec03_0
      - matplotlib-inline=0.1.6=py311haa95532_0
      - mdit-py-plugins=0.3.0=py311haa95532_0
      - mdurl=0.1.0=py311haa95532_0
      - minizip=4.0.3=hb68bac4_0
      - mistune=2.0.4=py311haa95532_0
      - mkl-service=2.4.0=py311h2bbff1b_1
      - mkl=2023.1.0=h6b88ed4_46358
      - mkl_fft=1.3.8=py311h2bbff1b_0
      - mkl_random=1.2.4=py311h59b6b97_0
      - msgpack-python=1.0.3=py311h59b6b97_0
      - msys2-conda-epoch=20160418=1
      - multipledispatch=0.6.0=py311haa95532_0
      - nbclient=0.8.0=py311haa95532_0
      - nbconvert=7.10.0=py311haa95532_0
      - nbformat=5.9.2=py311haa95532_0
      - nest-asyncio=1.6.0=py311haa95532_0
      - netcdf4=1.6.2=py311hec71f40_0
      - networkx=3.1=py311haa95532_0
      - notebook-shim=0.2.3=py311haa95532_0
      - notebook=7.0.8=py311haa95532_0
      - numba=0.59.0=py311hf62ec03_0
      - numexpr=2.8.7=py311h1fcbade_0
      - numpy-base=1.26.4=py311hd01c5d8_0
      - numpy=1.26.4=py311hdab7c0b_0
      - openjpeg=2.4.0=h4fc8c34_0
      - openssl=3.0.13=h2bbff1b_0
      - orc=1.7.4=h623e30f_1
      - overrides=7.4.0=py311haa95532_0
      - packaging=23.1=py311haa95532_0
      - pandas=2.1.4=py311hf62ec03_0
      - panel=1.3.8=py311haa95532_0
      - param=2.0.2=py311haa95532_0
      - partd=1.4.1=py311haa95532_0
      - pcre2=10.42=h0ff8eda_0
      - pillow=10.2.0=py311h2bbff1b_0
      - pip=23.3.1=py311haa95532_0
      - pixman=0.40.0=h2bbff1b_1
      - platformdirs=3.10.0=py311haa95532_0
      - pooch=1.7.0=py311haa95532_0
      - poppler-data=0.4.11=haa95532_1
      - poppler=22.12.0=h0bf3bde_3
      - proj=9.3.1=ha107b6e_0
      - prometheus_client=0.14.1=py311haa95532_0
      - prompt-toolkit=3.0.43=py311haa95532_0
      - psutil=5.9.0=py311h2bbff1b_0
      - pyarrow=14.0.2=py311h847bd2a_0
      - pyct=0.5.0=py311haa95532_0
      - pygments=2.15.1=py311haa95532_1
      - pyparsing=3.0.9=py311haa95532_0
      - pyproj=3.6.1=py311ha997c60_0
      - pyshp=2.3.1=py311haa95532_0
      - pysocks=1.7.1=py311haa95532_0
      - python-fastjsonschema=2.16.2=py311haa95532_0
      - python-json-logger=2.0.7=py311haa95532_0
      - python-lmdb=1.4.1=py311hd77b12b_0
      - python-snappy=0.6.1=py311hd77b12b_0
      - python=3.11.8=he1021f5_0
      - pytz=2023.3.post1=py311haa95532_0
      - pyviz_comms=3.0.0=py311haa95532_0
      - pywin32=305=py311h2bbff1b_0
      - pywinpty=2.0.10=py311h5da7b33_0
      - pyyaml=6.0.1=py311h2bbff1b_0
      - pyzmq=25.1.2=py311hd77b12b_0
      - qhull=2020.2=h59b6b97_2
      - re2=2022.04.01=hd77b12b_0
      - referencing=0.30.2=py311haa95532_0
      - requests=2.31.0=py311haa95532_1
      - rfc3339-validator=0.1.4=py311haa95532_0
      - rfc3986-validator=0.1.1=py311haa95532_0
      - rpds-py=0.10.6=py311h062c2fa_0
      - rtree=1.0.1=py311h2eaa2aa_0
      - scikit-learn=1.2.2=py311hd77b12b_1
      - scipy=1.11.4=py311hc1ccb85_0
      - send2trash=1.8.2=py311haa95532_0
      - setuptools=68.2.2=py311haa95532_0
      - shapely=2.0.1=py311h672afca_0
      - snappy=1.1.10=h6c2663c_1
      - sniffio=1.3.0=py311haa95532_0
      - soupsieve=2.5=py311haa95532_0
      - sqlite=3.41.2=h2bbff1b_0
      - tbb=2021.8.0=h59b6b97_0
      - terminado=0.17.1=py311haa95532_0
      - tiledb=2.3.3=hd8964de_3
      - tinycss2=1.2.1=py311haa95532_0
      - tk=8.6.12=h2bbff1b_0
      - toolz=0.12.0=py311haa95532_0
      - tornado=6.3.3=py311h2bbff1b_0
      - tqdm=4.65.0=py311h746a85d_0
      - traitlets=5.7.1=py311haa95532_0
      - typing-extensions=4.9.0=py311haa95532_1
      - typing_extensions=4.9.0=py311haa95532_1
      - uc-micro-py=1.0.1=py311haa95532_0
      - uriparser=0.9.7=h2bbff1b_0
      - urllib3=2.1.0=py311haa95532_1
      - utf8proc=2.6.1=h2bbff1b_1
      - vc=14.2=h21ff451_1
      - vs2015_runtime=14.27.29016=h5e58377_2
      - webencodings=0.5.1=py311haa95532_1
      - websocket-client=0.58.0=py311haa95532_4
      - wheel=0.41.2=py311haa95532_0
      - win_inet_pton=1.1.0=py311haa95532_0
      - winpty=0.4.3=4
      - xarray=2023.6.0=py311haa95532_0
      - xerces-c=3.2.4=hd77b12b_1
      - xyzservices=2022.9.0=py311haa95532_1
      - xz=5.4.6=h8cc25b3_0
      - yaml=0.2.5=he774522_0
      - zeromq=4.3.5=hd77b12b_0
      - zict=3.0.0=py311haa95532_0
      - zipp=3.17.0=py311haa95532_0
      - zlib=1.2.13=h8cc25b3_0
      - zstd=1.5.5=hd43e919_0
