# This is an Anaconda project lock file.
# The lock file locks down exact versions of all your dependencies.
#
# In most cases, this file is automatically maintained by the `anaconda-project` command or GUI tools.
# It's best to keep this file in revision control (such as git or svn).
# The file is in YAML format, please see http://www.yaml.org/start.html for more.
#

#
# Set to false to ignore locked versions.
#
locking_enabled: true

#
# A key goes in here for each env spec.
#
env_specs:
  test:
    locked: true
    env_spec_hash: ba61cf79a27bd669b8d9953936e6b876981b0ffc
    platforms:
    - linux-64
    - osx-64
    - win-64
    packages:
      all:
      - atomicwrites=1.4.0=py_0
      - attrs=19.3.0=py_0
      - backcall=0.2.0=py_0
      - beautifulsoup4=4.9.1=py37_0
      - blas=1.0=mkl
      - bleach=3.1.5=py_0
      - bokeh=1.4.0=py37_0
      - ca-certificates=2020.6.24=0
      - certifi=2020.6.20=py37_0
      - chardet=3.0.4=py37_1003
      - click=7.1.2=py_0
      - cloudpickle=1.4.1=py_0
      - colorcet=2.0.2=py_0
      - cycler=0.10.0=py37_0
      - dask-core=2.19.0=py_0
      - dask=2.19.0=py_0
      - datashader=0.10.0=py_0
      - datashape=0.5.4=py37_1
      - decorator=4.4.2=py_0
      - defusedxml=0.6.0=py_0
      - distributed=2.19.0=py37_0
      - entrypoints=0.3=py37_0
      - fsspec=0.7.4=py_0
      - heapdict=1.0.1=py_0
      - holoviews=1.12.0=py_0
      - idna=2.10=py_0
      - imageio=2.8.0=py_0
      - importlib-metadata=1.7.0=py37_0
      - importlib_metadata=1.7.0=0
      - ipykernel=5.3.0=py37h5ca1d4c_0
      - ipython=7.16.1=py37h5ca1d4c_0
      - ipython_genutils=0.2.0=py37_0
      - jedi=0.17.1=py37_0
      - jinja2=2.11.2=py_0
      - jsonschema=3.2.0=py37_0
      - jupyter_client=6.1.3=py_0
      - jupyter_core=4.6.3=py37_0
      - locket=0.2.0=py37_1
      - markdown=3.1.1=py37_0
      - matplotlib=3.2.2=0
      - more-itertools=8.4.0=py_0
      - multipledispatch=0.6.0=py37_0
      - nbconvert=5.6.1=py37_0
      - nbformat=5.0.7=py_0
      - nbsmoke=0.2.8=py_0
      - networkx=2.4=py_0
      - notebook=6.0.3=py37_0
      - olefile=0.46=py37_0
      - packaging=20.4=py_0
      - pandoc=2.9.2.1=0
      - pandocfilters=1.4.2=py37_1
      - panel=0.7.0=py_0
      - param=1.9.2=py_0
      - parso=0.7.0=py_0
      - partd=1.1.0=py_0
      - pickleshare=0.7.5=py37_0
      - pip=20.1.1=py37_1
      - pluggy=0.13.1=py37_0
      - prometheus_client=0.8.0=py_0
      - prompt-toolkit=3.0.5=py_0
      - py=1.9.0=py_0
      - pycparser=2.20=py_0
      - pyct-core=0.4.6=py_0
      - pyct=0.4.6=py_0
      - pyflakes=2.2.0=py_0
      - pygments=2.6.1=py_0
      - pyopenssl=19.1.0=py37_0
      - pyparsing=2.4.7=py_0
      - pysocks=1.7.1=py37_0
      - pytest=4.4.1=py37_0
      - python-dateutil=2.8.1=py_0
      - pytz=2020.1=py_0
      - pyviz_comms=0.7.5=py_0
      - requests=2.24.0=py_0
      - send2trash=1.5.0=py37_0
      - setuptools=47.3.1=py37_0
      - six=1.15.0=py_0
      - sortedcontainers=2.2.2=py_0
      - soupsieve=2.0.1=py_0
      - tblib=1.6.0=py_0
      - terminado=0.8.3=py37_0
      - testpath=0.4.4=py_0
      - toolz=0.10.0=py_0
      - traitlets=4.3.3=py37_0
      - urllib3=1.25.9=py_0
      - wcwidth=0.2.5=py_0
      - webencodings=0.5.1=py37_1
      - wheel=0.34.2=py37_0
      - xarray=0.15.1=py_0
      - zict=2.0.0=py_0
      - zipp=3.1.0=py_0
      unix:
      - pexpect=4.8.0=py37_0
      - ptyprocess=0.6.0=py37_0
      linux-64:
      - _libgcc_mutex=0.1=main
      - brotlipy=0.7.0=py37h7b6447c_1000
      - cffi=1.14.0=py37he30daa8_1
      - cryptography=2.9.2=py37h1ba5d50_0
      - cytoolz=0.10.1=py37h7b6447c_0
      - dbus=1.13.16=hb2f20db_0
      - expat=2.2.9=he6710b0_2
      - fontconfig=2.13.0=h9420a91_0
      - freetype=2.10.2=h5ab3b9f_0
      - glib=2.65.0=h3eb4bd4_0
      - gst-plugins-base=1.14.0=hbbd80ab_1
      - gstreamer=1.14.0=hb31296c_0
      - icu=58.2=he6710b0_3
      - intel-openmp=2020.1=217
      - jpeg=9b=h024ee3a_2
      - kiwisolver=1.2.0=py37hfd86e86_0
      - ld_impl_linux-64=2.33.1=h53a641e_7
      - libedit=3.1.20191231=h7b6447c_0
      - libffi=3.3=he6710b0_1
      - libgcc-ng=9.1.0=hdf63c60_0
      - libgfortran-ng=7.3.0=hdf63c60_0
      - libpng=1.6.37=hbc83047_0
      - libsodium=1.0.18=h7b6447c_0
      - libstdcxx-ng=9.1.0=hdf63c60_0
      - libtiff=4.1.0=h2733197_1
      - libuuid=1.0.3=h1bed415_2
      - libxcb=1.13=h1bed415_1
      - libxml2=2.9.10=he19cac6_1
      - llvmlite=0.29.0=py37hd408876_0
      - lz4-c=1.9.2=he6710b0_0
      - markupsafe=1.1.1=py37h7b6447c_0
      - matplotlib-base=3.2.2=py37hef1b27d_0
      - mistune=0.8.4=py37h7b6447c_0
      - mkl-service=2.3.0=py37he904b0f_0
      - mkl=2020.1=217
      - mkl_fft=1.1.0=py37h23d657b_0
      - mkl_random=1.1.1=py37h0573a6f_0
      - msgpack-python=1.0.0=py37hfd86e86_1
      - ncurses=6.2=he6710b0_1
      - numba=0.45.1=py37h962f231_0
      - numpy-base=1.18.5=py37hde5b4d6_0
      - numpy=1.18.5=py37ha1c710e_0
      - openssl=1.1.1g=h7b6447c_0
      - pandas=0.25.3=py37he6710b0_0
      - pcre=8.44=he6710b0_0
      - pillow=7.1.2=py37hb39fc2d_0
      - psutil=5.7.0=py37h7b6447c_0
      - pyqt=5.9.2=py37h05f1152_2
      - pyrsistent=0.16.0=py37h7b6447c_0
      - python=3.7.7=hcff3b4d_5
      - pywavelets=1.1.1=py37h7b6447c_0
      - pyyaml=5.1.2=py37h7b6447c_0
      - pyzmq=19.0.1=py37he6710b0_1
      - qt=5.9.7=h5867ecd_1
      - readline=8.0=h7b6447c_0
      - scikit-image=0.16.2=py37h0573a6f_0
      - scipy=1.5.0=py37h0b6359f_0
      - sip=4.19.8=py37hf484d3e_0
      - sqlite=3.32.3=h62c20be_0
      - tbb=2020.0=hfd86e86_0
      - tk=8.6.10=hbc83047_0
      - tornado=6.0.4=py37h7b6447c_1
      - xz=5.2.5=h7b6447c_0
      - yaml=0.1.7=had09818_2
      - zeromq=4.3.2=he6710b0_2
      - zlib=1.2.11=h7b6447c_3
      - zstd=1.4.4=h0b5b093_3
      osx-64:
      - appnope=0.1.0=py37_0
      - brotlipy=0.7.0=py37haf1e3a3_1000
      - cffi=1.14.0=py37hc512035_1
      - cryptography=2.9.2=py37ha12b0ac_0
      - cytoolz=0.10.1=py37h1de35cc_0
      - freetype=2.10.2=ha233b18_0
      - intel-openmp=2019.4=233
      - jpeg=9b=he5867d9_2
      - kiwisolver=1.2.0=py37h04f5b5a_0
      - libcxx=10.0.0=1
      - libedit=3.1.20191231=haf1e3a3_0
      - libffi=3.3=h0a44026_1
      - libgfortran=3.0.1=h93005f0_2
      - libpng=1.6.37=ha441bb4_0
      - libsodium=1.0.18=h1de35cc_0
      - libtiff=4.1.0=hcb84e12_1
      - llvmlite=0.29.0=py37h98b8051_0
      - lz4-c=1.9.2=h0a44026_0
      - markupsafe=1.1.1=py37h1de35cc_0
      - matplotlib-base=3.2.2=py37h5670ca0_0
      - mistune=0.8.4=py37h1de35cc_0
      - mkl-service=2.3.0=py37hfbe908c_0
      - mkl=2019.4=233
      - mkl_fft=1.1.0=py37hc64f4ea_0
      - mkl_random=1.1.1=py37h959d312_0
      - msgpack-python=1.0.0=py37h04f5b5a_1
      - ncurses=6.2=h0a44026_1
      - numba=0.45.1=py37h6440ff4_0
      - numpy-base=1.18.5=py37h3304bdc_0
      - numpy=1.18.5=py37h1da2735_0
      - openssl=1.1.1g=h1de35cc_0
      - pandas=0.25.3=py37h0a44026_0
      - pillow=7.1.2=py37h4655f20_0
      - psutil=5.7.0=py37h1de35cc_0
      - pyrsistent=0.16.0=py37h1de35cc_0
      - python=3.7.7=hf48f09d_4
      - pywavelets=1.1.1=py37h1de35cc_0
      - pyyaml=5.1.2=py37h1de35cc_0
      - pyzmq=19.0.1=py37hb1e8313_1
      - readline=8.0=h1de35cc_0
      - scikit-image=0.16.2=py37h6c726b0_0
      - scipy=1.5.0=py37h912ce22_0
      - sqlite=3.32.3=hffcf06c_0
      - tbb=2020.0=h04f5b5a_0
      - tk=8.6.10=hb0a8c7a_0
      - tornado=6.0.4=py37h1de35cc_1
      - xz=5.2.5=h1de35cc_0
      - yaml=0.1.7=hc338f04_2
      - zeromq=4.3.2=hb1e8313_2
      - zlib=1.2.11=h1de35cc_3
      - zstd=1.4.4=h1990bb4_3
      win-64:
      - brotlipy=0.7.0=py37he774522_1000
      - cffi=1.14.0=py37h7a1dbc1_0
      - colorama=0.4.3=py_0
      - cryptography=2.9.2=py37h7a1dbc1_0
      - cytoolz=0.10.1=py37he774522_0
      - freetype=2.10.2=hd328e21_0
      - icc_rt=2019.0.0=h0cc432a_1
      - icu=58.2=ha925a31_3
      - intel-openmp=2020.1=216
      - jpeg=9b=hb83a4c4_2
      - kiwisolver=1.2.0=py37h74a9793_0
      - libpng=1.6.37=h2a8f88b_0
      - libsodium=1.0.18=h62dcd97_0
      - libtiff=4.1.0=h56a325e_1
      - llvmlite=0.29.0=py37ha925a31_0
      - lz4-c=1.9.2=h62dcd97_0
      - m2w64-gcc-libgfortran=5.3.0=6
      - m2w64-gcc-libs-core=5.3.0=7
      - m2w64-gcc-libs=5.3.0=7
      - m2w64-gmp=6.1.0=2
      - m2w64-libwinpthread-git=5.0.0.4634.697f757=2
      - markupsafe=1.1.1=py37he774522_0
      - matplotlib-base=3.2.2=py37h64f37c6_0
      - mistune=0.8.4=py37he774522_0
      - mkl-service=2.3.0=py37hb782905_0
      - mkl=2020.1=216
      - mkl_fft=1.1.0=py37h45dec08_0
      - mkl_random=1.1.1=py37h47e9c7a_0
      - msgpack-python=1.0.0=py37h74a9793_1
      - msys2-conda-epoch=20160418=1
      - numba=0.45.1=py37hf9181ef_0
      - numpy-base=1.18.5=py37hc3f5095_0
      - numpy=1.18.5=py37h6530119_0
      - openssl=1.1.1g=he774522_0
      - pandas=0.25.3=py37ha925a31_0
      - pillow=7.1.2=py37hcc1f983_0
      - psutil=5.7.0=py37he774522_0
      - pyqt=5.9.2=py37h6538335_2
      - pyrsistent=0.16.0=py37he774522_0
      - python=3.7.7=h81c818b_4
      - pywavelets=1.1.1=py37he774522_0
      - pywin32=227=py37he774522_1
      - pywinpty=0.5.7=py37_0
      - pyyaml=5.1.2=py37he774522_0
      - pyzmq=19.0.1=py37ha925a31_1
      - qt=5.9.7=vc14h73c81de_0
      - scikit-image=0.16.2=py37h47e9c7a_0
      - scipy=1.5.0=py37h9439919_0
      - sip=4.19.8=py37h6538335_0
      - sqlite=3.32.3=h2a8f88b_0
      - tbb=2020.0=h74a9793_0
      - tk=8.6.10=he774522_0
      - tornado=6.0.4=py37he774522_1
      - vc=14.1=h0510ff6_4
      - vs2015_runtime=14.16.27012=hf0eaf9b_2
      - win_inet_pton=1.1.0=py37_0
      - wincertstore=0.2=py37_0
      - winpty=0.4.3=4
      - xz=5.2.5=h62dcd97_0
      - yaml=0.1.7=hc54c509_2
      - zeromq=4.3.2=ha925a31_2
      - zlib=1.2.11=h62dcd97_4
      - zstd=1.4.4=ha9fde0e_3
  default:
    locked: true
    env_spec_hash: ddda9ca930e8a82766df873de0eeb97ae77390d2
    platforms:
    - linux-64
    - osx-64
    - win-64
    packages:
      all:
      - attrs=19.3.0=py_0
      - backcall=0.2.0=py_0
      - blas=1.0=mkl
      - bleach=3.1.5=py_0
      - bokeh=1.4.0=py37_0
      - ca-certificates=2020.6.24=0
      - certifi=2020.6.20=py37_0
      - chardet=3.0.4=py37_1003
      - click=7.1.2=py_0
      - cloudpickle=1.4.1=py_0
      - colorcet=2.0.2=py_0
      - cycler=0.10.0=py37_0
      - dask-core=2.19.0=py_0
      - dask=2.19.0=py_0
      - datashader=0.10.0=py_0
      - datashape=0.5.4=py37_1
      - decorator=4.4.2=py_0
      - defusedxml=0.6.0=py_0
      - distributed=2.19.0=py37_0
      - entrypoints=0.3=py37_0
      - fsspec=0.7.4=py_0
      - heapdict=1.0.1=py_0
      - holoviews=1.12.0=py_0
      - idna=2.10=py_0
      - imageio=2.8.0=py_0
      - importlib-metadata=1.7.0=py37_0
      - importlib_metadata=1.7.0=0
      - ipykernel=5.3.0=py37h5ca1d4c_0
      - ipython=7.16.1=py37h5ca1d4c_0
      - ipython_genutils=0.2.0=py37_0
      - jedi=0.17.1=py37_0
      - jinja2=2.11.2=py_0
      - jsonschema=3.2.0=py37_0
      - jupyter_client=6.1.3=py_0
      - jupyter_core=4.6.3=py37_0
      - locket=0.2.0=py37_1
      - markdown=3.1.1=py37_0
      - matplotlib=3.2.2=0
      - multipledispatch=0.6.0=py37_0
      - nbconvert=5.6.1=py37_0
      - nbformat=5.0.7=py_0
      - networkx=2.4=py_0
      - notebook=6.0.3=py37_0
      - olefile=0.46=py37_0
      - packaging=20.4=py_0
      - pandoc=2.9.2.1=0
      - pandocfilters=1.4.2=py37_1
      - panel=0.7.0=py_0
      - param=1.9.2=py_0
      - parso=0.7.0=py_0
      - partd=1.1.0=py_0
      - pickleshare=0.7.5=py37_0
      - pip=20.1.1=py37_1
      - prometheus_client=0.8.0=py_0
      - prompt-toolkit=3.0.5=py_0
      - pycparser=2.20=py_0
      - pyct-core=0.4.6=py_0
      - pyct=0.4.6=py_0
      - pygments=2.6.1=py_0
      - pyopenssl=19.1.0=py37_0
      - pyparsing=2.4.7=py_0
      - pysocks=1.7.1=py37_0
      - python-dateutil=2.8.1=py_0
      - pytz=2020.1=py_0
      - pyviz_comms=0.7.5=py_0
      - requests=2.24.0=py_0
      - send2trash=1.5.0=py37_0
      - setuptools=47.3.1=py37_0
      - six=1.15.0=py_0
      - sortedcontainers=2.2.2=py_0
      - tblib=1.6.0=py_0
      - terminado=0.8.3=py37_0
      - testpath=0.4.4=py_0
      - toolz=0.10.0=py_0
      - traitlets=4.3.3=py37_0
      - urllib3=1.25.9=py_0
      - wcwidth=0.2.5=py_0
      - webencodings=0.5.1=py37_1
      - wheel=0.34.2=py37_0
      - xarray=0.15.1=py_0
      - zict=2.0.0=py_0
      - zipp=3.1.0=py_0
      unix:
      - pexpect=4.8.0=py37_0
      - ptyprocess=0.6.0=py37_0
      linux-64:
      - _libgcc_mutex=0.1=main
      - brotlipy=0.7.0=py37h7b6447c_1000
      - cffi=1.14.0=py37he30daa8_1
      - cryptography=2.9.2=py37h1ba5d50_0
      - cytoolz=0.10.1=py37h7b6447c_0
      - dbus=1.13.16=hb2f20db_0
      - expat=2.2.9=he6710b0_2
      - fontconfig=2.13.0=h9420a91_0
      - freetype=2.10.2=h5ab3b9f_0
      - glib=2.65.0=h3eb4bd4_0
      - gst-plugins-base=1.14.0=hbbd80ab_1
      - gstreamer=1.14.0=hb31296c_0
      - icu=58.2=he6710b0_3
      - intel-openmp=2020.1=217
      - jpeg=9b=h024ee3a_2
      - kiwisolver=1.2.0=py37hfd86e86_0
      - ld_impl_linux-64=2.33.1=h53a641e_7
      - libedit=3.1.20191231=h7b6447c_0
      - libffi=3.3=he6710b0_1
      - libgcc-ng=9.1.0=hdf63c60_0
      - libgfortran-ng=7.3.0=hdf63c60_0
      - libpng=1.6.37=hbc83047_0
      - libsodium=1.0.18=h7b6447c_0
      - libstdcxx-ng=9.1.0=hdf63c60_0
      - libtiff=4.1.0=h2733197_1
      - libuuid=1.0.3=h1bed415_2
      - libxcb=1.13=h1bed415_1
      - libxml2=2.9.10=he19cac6_1
      - llvmlite=0.29.0=py37hd408876_0
      - lz4-c=1.9.2=he6710b0_0
      - markupsafe=1.1.1=py37h7b6447c_0
      - matplotlib-base=3.2.2=py37hef1b27d_0
      - mistune=0.8.4=py37h7b6447c_0
      - mkl-service=2.3.0=py37he904b0f_0
      - mkl=2020.1=217
      - mkl_fft=1.1.0=py37h23d657b_0
      - mkl_random=1.1.1=py37h0573a6f_0
      - msgpack-python=1.0.0=py37hfd86e86_1
      - ncurses=6.2=he6710b0_1
      - numba=0.45.1=py37h962f231_0
      - numpy-base=1.18.5=py37hde5b4d6_0
      - numpy=1.18.5=py37ha1c710e_0
      - openssl=1.1.1g=h7b6447c_0
      - pandas=0.25.3=py37he6710b0_0
      - pcre=8.44=he6710b0_0
      - pillow=7.1.2=py37hb39fc2d_0
      - psutil=5.7.0=py37h7b6447c_0
      - pyqt=5.9.2=py37h05f1152_2
      - pyrsistent=0.16.0=py37h7b6447c_0
      - python=3.7.7=hcff3b4d_5
      - pywavelets=1.1.1=py37h7b6447c_0
      - pyyaml=5.1.2=py37h7b6447c_0
      - pyzmq=19.0.1=py37he6710b0_1
      - qt=5.9.7=h5867ecd_1
      - readline=8.0=h7b6447c_0
      - scikit-image=0.16.2=py37h0573a6f_0
      - scipy=1.5.0=py37h0b6359f_0
      - sip=4.19.8=py37hf484d3e_0
      - sqlite=3.32.3=h62c20be_0
      - tbb=2020.0=hfd86e86_0
      - tk=8.6.10=hbc83047_0
      - tornado=6.0.4=py37h7b6447c_1
      - xz=5.2.5=h7b6447c_0
      - yaml=0.1.7=had09818_2
      - zeromq=4.3.2=he6710b0_2
      - zlib=1.2.11=h7b6447c_3
      - zstd=1.4.4=h0b5b093_3
      osx-64:
      - appnope=0.1.0=py37_0
      - brotlipy=0.7.0=py37haf1e3a3_1000
      - cffi=1.14.0=py37hc512035_1
      - cryptography=2.9.2=py37ha12b0ac_0
      - cytoolz=0.10.1=py37h1de35cc_0
      - freetype=2.10.2=ha233b18_0
      - intel-openmp=2019.4=233
      - jpeg=9b=he5867d9_2
      - kiwisolver=1.2.0=py37h04f5b5a_0
      - libcxx=10.0.0=1
      - libedit=3.1.20191231=haf1e3a3_0
      - libffi=3.3=h0a44026_1
      - libgfortran=3.0.1=h93005f0_2
      - libpng=1.6.37=ha441bb4_0
      - libsodium=1.0.18=h1de35cc_0
      - libtiff=4.1.0=hcb84e12_1
      - llvmlite=0.29.0=py37h98b8051_0
      - lz4-c=1.9.2=h0a44026_0
      - markupsafe=1.1.1=py37h1de35cc_0
      - matplotlib-base=3.2.2=py37h5670ca0_0
      - mistune=0.8.4=py37h1de35cc_0
      - mkl-service=2.3.0=py37hfbe908c_0
      - mkl=2019.4=233
      - mkl_fft=1.1.0=py37hc64f4ea_0
      - mkl_random=1.1.1=py37h959d312_0
      - msgpack-python=1.0.0=py37h04f5b5a_1
      - ncurses=6.2=h0a44026_1
      - numba=0.45.1=py37h6440ff4_0
      - numpy-base=1.18.5=py37h3304bdc_0
      - numpy=1.18.5=py37h1da2735_0
      - openssl=1.1.1g=h1de35cc_0
      - pandas=0.25.3=py37h0a44026_0
      - pillow=7.1.2=py37h4655f20_0
      - psutil=5.7.0=py37h1de35cc_0
      - pyrsistent=0.16.0=py37h1de35cc_0
      - python=3.7.7=hf48f09d_4
      - pywavelets=1.1.1=py37h1de35cc_0
      - pyyaml=5.1.2=py37h1de35cc_0
      - pyzmq=19.0.1=py37hb1e8313_1
      - readline=8.0=h1de35cc_0
      - scikit-image=0.16.2=py37h6c726b0_0
      - scipy=1.5.0=py37h912ce22_0
      - sqlite=3.32.3=hffcf06c_0
      - tbb=2020.0=h04f5b5a_0
      - tk=8.6.10=hb0a8c7a_0
      - tornado=6.0.4=py37h1de35cc_1
      - xz=5.2.5=h1de35cc_0
      - yaml=0.1.7=hc338f04_2
      - zeromq=4.3.2=hb1e8313_2
      - zlib=1.2.11=h1de35cc_3
      - zstd=1.4.4=h1990bb4_3
      win-64:
      - brotlipy=0.7.0=py37he774522_1000
      - cffi=1.14.0=py37h7a1dbc1_0
      - colorama=0.4.3=py_0
      - cryptography=2.9.2=py37h7a1dbc1_0
      - cytoolz=0.10.1=py37he774522_0
      - freetype=2.10.2=hd328e21_0
      - icc_rt=2019.0.0=h0cc432a_1
      - icu=58.2=ha925a31_3
      - intel-openmp=2020.1=216
      - jpeg=9b=hb83a4c4_2
      - kiwisolver=1.2.0=py37h74a9793_0
      - libpng=1.6.37=h2a8f88b_0
      - libsodium=1.0.18=h62dcd97_0
      - libtiff=4.1.0=h56a325e_1
      - llvmlite=0.29.0=py37ha925a31_0
      - lz4-c=1.9.2=h62dcd97_0
      - m2w64-gcc-libgfortran=5.3.0=6
      - m2w64-gcc-libs-core=5.3.0=7
      - m2w64-gcc-libs=5.3.0=7
      - m2w64-gmp=6.1.0=2
      - m2w64-libwinpthread-git=5.0.0.4634.697f757=2
      - markupsafe=1.1.1=py37he774522_0
      - matplotlib-base=3.2.2=py37h64f37c6_0
      - mistune=0.8.4=py37he774522_0
      - mkl-service=2.3.0=py37hb782905_0
      - mkl=2020.1=216
      - mkl_fft=1.1.0=py37h45dec08_0
      - mkl_random=1.1.1=py37h47e9c7a_0
      - msgpack-python=1.0.0=py37h74a9793_1
      - msys2-conda-epoch=20160418=1
      - numba=0.45.1=py37hf9181ef_0
      - numpy-base=1.18.5=py37hc3f5095_0
      - numpy=1.18.5=py37h6530119_0
      - openssl=1.1.1g=he774522_0
      - pandas=0.25.3=py37ha925a31_0
      - pillow=7.1.2=py37hcc1f983_0
      - psutil=5.7.0=py37he774522_0
      - pyqt=5.9.2=py37h6538335_2
      - pyrsistent=0.16.0=py37he774522_0
      - python=3.7.7=h81c818b_4
      - pywavelets=1.1.1=py37he774522_0
      - pywin32=227=py37he774522_1
      - pywinpty=0.5.7=py37_0
      - pyyaml=5.1.2=py37he774522_0
      - pyzmq=19.0.1=py37ha925a31_1
      - qt=5.9.7=vc14h73c81de_0
      - scikit-image=0.16.2=py37h47e9c7a_0
      - scipy=1.5.0=py37h9439919_0
      - sip=4.19.8=py37h6538335_0
      - sqlite=3.32.3=h2a8f88b_0
      - tbb=2020.0=h74a9793_0
      - tk=8.6.10=he774522_0
      - tornado=6.0.4=py37he774522_1
      - vc=14.1=h0510ff6_4
      - vs2015_runtime=14.16.27012=hf0eaf9b_2
      - win_inet_pton=1.1.0=py37_0
      - wincertstore=0.2=py37_0
      - winpty=0.4.3=4
      - xz=5.2.5=h62dcd97_0
      - yaml=0.1.7=hc54c509_2
      - zeromq=4.3.2=ha925a31_2
      - zlib=1.2.11=h62dcd97_4
      - zstd=1.4.4=ha9fde0e_3
